
Microsoft Visual Studio Solution File, Format Version 12.00
# Visual Studio Version 17
VisualStudioVersion = 17.0.31606.5
MinimumVisualStudioVersion = 10.0.40219.1
Project("{2150E333-8FDC-42A3-9474-1A3956D46DE8}") = "test", "test", "{48F15A61-E458-4F4B-A64E-6F0B5F38DB2F}"
EndProject
Project("{2150E333-8FDC-42A3-9474-1A3956D46DE8}") = "src", "src", "{6A79DAD3-9AEF-47C3-9BF4-BF27365F3BF0}"
EndProject
Project("{9A19103F-16F7-4668-BE54-9A1E7A4F7556}") = "RemoteBlazorWebView.Wpf", "src\RemoteBlazorWebView.Wpf\RemoteBlazorWebView.Wpf.csproj", "{AA110533-9A33-4884-B006-73742762B0F5}"
EndProject
Project("{2150E333-8FDC-42A3-9474-1A3956D46DE8}") = "Solution Items", "Solution Items", "{D05DB932-B305-40C7-968A-19F814FD7F2A}"
	ProjectSection(SolutionItems) = preProject
		azure-pipelines.yml = azure-pipelines.yml
		Directory.Build.props = Directory.Build.props
		README.md = README.md
		..\RemoteBlazorWebViewTutorial\README.md = ..\RemoteBlazorWebViewTutorial\README.md
		README.txt = README.txt
		Release.md = Release.md
		ReleaseNotes.txt = ReleaseNotes.txt
		RunTests.ps1 = RunTests.ps1
		TODO.txt = TODO.txt
	EndProjectSection
EndProject
Project("{9A19103F-16F7-4668-BE54-9A1E7A4F7556}") = "RemoteWebView.Blazor.JS", "src\RemoteWebView.Blazor.JS\RemoteWebView.Blazor.JS.csproj", "{BA890C82-9117-4554-864D-BE55C4B0564A}"
EndProject
Project("{9A19103F-16F7-4668-BE54-9A1E7A4F7556}") = "RemoteBlazorWebView.WindowsForms", "src\RemoteBlazorWebView.WinForms\RemoteBlazorWebView.WindowsForms.csproj", "{17D4D295-890F-412B-A137-24E19BF8E430}"
EndProject
Project("{9A19103F-16F7-4668-BE54-9A1E7A4F7556}") = "RemoteWebView", "src\RemoteWebView\RemoteWebView.csproj", "{828D3EF0-391F-41B8-BB94-4055EA74CC10}"
EndProject
Project("{9A19103F-16F7-4668-BE54-9A1E7A4F7556}") = "RemoteWebViewService", "src\RemoteWebViewService\RemoteWebViewService.csproj", "{F1CC0C20-31D5-4011-863E-5139B979C75A}"
EndProject
Project("{9A19103F-16F7-4668-BE54-9A1E7A4F7556}") = "WebdriverTestProject", "testassets\NUnitTestProject\WebdriverTestProject.csproj", "{37A39288-E6C1-4294-9E1C-4B11ABAF9CF3}"
EndProject
Project("{9A19103F-16F7-4668-BE54-9A1E7A4F7556}") = "EditWebView", "src\EditWebView\EditWebView.csproj", "{F801F503-72C6-4C52-A9B0-1C28947334DC}"
EndProject
Project("{9A19103F-16F7-4668-BE54-9A1E7A4F7556}") = "RemoteBlazorWebView", "src\RemoteBlazorWebView\RemoteBlazorWebView.csproj", "{85F8C06F-041E-49E9-80A8-E769D0028156}"
EndProject
Project("{2150E333-8FDC-42A3-9474-1A3956D46DE8}") = "Benchmarks", "Benchmarks", "{3F894B2C-1045-4C84-B986-393C4DD12C62}"
EndProject
Project("{9A19103F-16F7-4668-BE54-9A1E7A4F7556}") = "FileRead", "..\..\..\source.ntfs\repos\RemoteBlazorWebView\src\Benchmarks\FileRead.csproj", "{F3C5B1B4-B9C7-4255-9596-87CAE9E43E3E}"
EndProject
Project("{9A19103F-16F7-4668-BE54-9A1E7A4F7556}") = "Startup", "src\Benchmarks\Startup\Startup.csproj", "{AB9C1C62-4B4F-4721-B868-1C269E1B5893}"
EndProject
Global
	GlobalSection(SolutionConfigurationPlatforms) = preSolution
		Authorization|linux-x64 = Authorization|linux-x64
		Authorization|x64 = Authorization|x64
		AzureNoAuth|linux-x64 = AzureNoAuth|linux-x64
		AzureNoAuth|x64 = AzureNoAuth|x64
		Debug|linux-x64 = Debug|linux-x64
		Debug|x64 = Debug|x64
		Developer|linux-x64 = Developer|linux-x64
		Developer|x64 = Developer|x64
		Embedded|linux-x64 = Embedded|linux-x64
		Embedded|x64 = Embedded|x64
		NoAuthorization|linux-x64 = NoAuthorization|linux-x64
		NoAuthorization|x64 = NoAuthorization|x64
		Release|linux-x64 = Release|linux-x64
		Release|x64 = Release|x64
	EndGlobalSection
	GlobalSection(ProjectConfigurationPlatforms) = postSolution
		{AA110533-9A33-4884-B006-73742762B0F5}.Authorization|linux-x64.ActiveCfg = Release|x64
		{AA110533-9A33-4884-B006-73742762B0F5}.Authorization|x64.ActiveCfg = Debug|x64
		{AA110533-9A33-4884-B006-73742762B0F5}.Authorization|x64.Build.0 = Debug|x64
		{AA110533-9A33-4884-B006-73742762B0F5}.AzureNoAuth|linux-x64.ActiveCfg = NoAuthorization|x64
		{AA110533-9A33-4884-B006-73742762B0F5}.AzureNoAuth|linux-x64.Build.0 = NoAuthorization|x64
		{AA110533-9A33-4884-B006-73742762B0F5}.AzureNoAuth|x64.ActiveCfg = Release|x64
		{AA110533-9A33-4884-B006-73742762B0F5}.AzureNoAuth|x64.Build.0 = Release|x64
		{AA110533-9A33-4884-B006-73742762B0F5}.Debug|linux-x64.ActiveCfg = Debug|x64
		{AA110533-9A33-4884-B006-73742762B0F5}.Debug|linux-x64.Build.0 = Debug|x64
		{AA110533-9A33-4884-B006-73742762B0F5}.Debug|x64.ActiveCfg = Debug|x64
		{AA110533-9A33-4884-B006-73742762B0F5}.Debug|x64.Build.0 = Debug|x64
		{AA110533-9A33-4884-B006-73742762B0F5}.Developer|linux-x64.ActiveCfg = Developer|x64
		{AA110533-9A33-4884-B006-73742762B0F5}.Developer|linux-x64.Build.0 = Developer|x64
		{AA110533-9A33-4884-B006-73742762B0F5}.Developer|x64.ActiveCfg = Developer|x64
		{AA110533-9A33-4884-B006-73742762B0F5}.Developer|x64.Build.0 = Developer|x64
		{AA110533-9A33-4884-B006-73742762B0F5}.Embedded|linux-x64.ActiveCfg = Embedded|x64
		{AA110533-9A33-4884-B006-73742762B0F5}.Embedded|linux-x64.Build.0 = Embedded|x64
		{AA110533-9A33-4884-B006-73742762B0F5}.Embedded|x64.ActiveCfg = Embedded|x64
		{AA110533-9A33-4884-B006-73742762B0F5}.Embedded|x64.Build.0 = Embedded|x64
		{AA110533-9A33-4884-B006-73742762B0F5}.NoAuthorization|linux-x64.ActiveCfg = NoAuthorization|x64
		{AA110533-9A33-4884-B006-73742762B0F5}.NoAuthorization|x64.ActiveCfg = NoAuthorization|x64
		{AA110533-9A33-4884-B006-73742762B0F5}.Release|linux-x64.ActiveCfg = Release|x64
		{AA110533-9A33-4884-B006-73742762B0F5}.Release|linux-x64.Build.0 = Release|x64
		{AA110533-9A33-4884-B006-73742762B0F5}.Release|x64.ActiveCfg = Release|x64
		{AA110533-9A33-4884-B006-73742762B0F5}.Release|x64.Build.0 = Release|x64
		{BA890C82-9117-4554-864D-BE55C4B0564A}.Authorization|linux-x64.ActiveCfg = Debug|Any CPU
		{BA890C82-9117-4554-864D-BE55C4B0564A}.Authorization|linux-x64.Build.0 = Debug|Any CPU
		{BA890C82-9117-4554-864D-BE55C4B0564A}.Authorization|x64.ActiveCfg = Debug|Any CPU
		{BA890C82-9117-4554-864D-BE55C4B0564A}.Authorization|x64.Build.0 = Debug|Any CPU
		{BA890C82-9117-4554-864D-BE55C4B0564A}.AzureNoAuth|linux-x64.ActiveCfg = Debug|Any CPU
		{BA890C82-9117-4554-864D-BE55C4B0564A}.AzureNoAuth|linux-x64.Build.0 = Debug|Any CPU
		{BA890C82-9117-4554-864D-BE55C4B0564A}.AzureNoAuth|x64.ActiveCfg = Debug|Any CPU
		{BA890C82-9117-4554-864D-BE55C4B0564A}.AzureNoAuth|x64.Build.0 = Debug|Any CPU
		{BA890C82-9117-4554-864D-BE55C4B0564A}.Debug|linux-x64.ActiveCfg = Debug|Any CPU
		{BA890C82-9117-4554-864D-BE55C4B0564A}.Debug|linux-x64.Build.0 = Debug|Any CPU
		{BA890C82-9117-4554-864D-BE55C4B0564A}.Debug|x64.ActiveCfg = Debug|Any CPU
		{BA890C82-9117-4554-864D-BE55C4B0564A}.Debug|x64.Build.0 = Debug|Any CPU
		{BA890C82-9117-4554-864D-BE55C4B0564A}.Developer|linux-x64.ActiveCfg = Debug|Any CPU
		{BA890C82-9117-4554-864D-BE55C4B0564A}.Developer|linux-x64.Build.0 = Debug|Any CPU
		{BA890C82-9117-4554-864D-BE55C4B0564A}.Developer|x64.ActiveCfg = Debug|Any CPU
		{BA890C82-9117-4554-864D-BE55C4B0564A}.Developer|x64.Build.0 = Debug|Any CPU
		{BA890C82-9117-4554-864D-BE55C4B0564A}.Embedded|linux-x64.ActiveCfg = Embedded|Any CPU
		{BA890C82-9117-4554-864D-BE55C4B0564A}.Embedded|linux-x64.Build.0 = Embedded|Any CPU
		{BA890C82-9117-4554-864D-BE55C4B0564A}.Embedded|x64.ActiveCfg = Embedded|Any CPU
		{BA890C82-9117-4554-864D-BE55C4B0564A}.Embedded|x64.Build.0 = Embedded|Any CPU
		{BA890C82-9117-4554-864D-BE55C4B0564A}.NoAuthorization|linux-x64.ActiveCfg = Debug|Any CPU
		{BA890C82-9117-4554-864D-BE55C4B0564A}.NoAuthorization|linux-x64.Build.0 = Debug|Any CPU
		{BA890C82-9117-4554-864D-BE55C4B0564A}.NoAuthorization|x64.ActiveCfg = Debug|Any CPU
		{BA890C82-9117-4554-864D-BE55C4B0564A}.NoAuthorization|x64.Build.0 = Debug|Any CPU
		{BA890C82-9117-4554-864D-BE55C4B0564A}.Release|linux-x64.ActiveCfg = Release|Any CPU
		{BA890C82-9117-4554-864D-BE55C4B0564A}.Release|linux-x64.Build.0 = Release|Any CPU
		{BA890C82-9117-4554-864D-BE55C4B0564A}.Release|x64.ActiveCfg = Release|Any CPU
		{BA890C82-9117-4554-864D-BE55C4B0564A}.Release|x64.Build.0 = Release|Any CPU
		{17D4D295-890F-412B-A137-24E19BF8E430}.Authorization|linux-x64.ActiveCfg = Debug|x64
		{17D4D295-890F-412B-A137-24E19BF8E430}.Authorization|linux-x64.Build.0 = Debug|x64
		{17D4D295-890F-412B-A137-24E19BF8E430}.Authorization|x64.ActiveCfg = Debug|x64
		{17D4D295-890F-412B-A137-24E19BF8E430}.Authorization|x64.Build.0 = Debug|x64
		{17D4D295-890F-412B-A137-24E19BF8E430}.AzureNoAuth|linux-x64.ActiveCfg = NoAuthorization|x64
		{17D4D295-890F-412B-A137-24E19BF8E430}.AzureNoAuth|linux-x64.Build.0 = NoAuthorization|x64
		{17D4D295-890F-412B-A137-24E19BF8E430}.AzureNoAuth|x64.ActiveCfg = Release|x64
		{17D4D295-890F-412B-A137-24E19BF8E430}.AzureNoAuth|x64.Build.0 = Release|x64
		{17D4D295-890F-412B-A137-24E19BF8E430}.Debug|linux-x64.ActiveCfg = Debug|x64
		{17D4D295-890F-412B-A137-24E19BF8E430}.Debug|linux-x64.Build.0 = Debug|x64
		{17D4D295-890F-412B-A137-24E19BF8E430}.Debug|x64.ActiveCfg = Debug|x64
		{17D4D295-890F-412B-A137-24E19BF8E430}.Debug|x64.Build.0 = Debug|x64
		{17D4D295-890F-412B-A137-24E19BF8E430}.Developer|linux-x64.ActiveCfg = Debug|x64
		{17D4D295-890F-412B-A137-24E19BF8E430}.Developer|linux-x64.Build.0 = Debug|x64
		{17D4D295-890F-412B-A137-24E19BF8E430}.Developer|x64.ActiveCfg = Debug|x64
		{17D4D295-890F-412B-A137-24E19BF8E430}.Developer|x64.Build.0 = Debug|x64
		{17D4D295-890F-412B-A137-24E19BF8E430}.Embedded|linux-x64.ActiveCfg = Embedded|x64
		{17D4D295-890F-412B-A137-24E19BF8E430}.Embedded|linux-x64.Build.0 = Embedded|x64
		{17D4D295-890F-412B-A137-24E19BF8E430}.Embedded|x64.ActiveCfg = Embedded|x64
		{17D4D295-890F-412B-A137-24E19BF8E430}.Embedded|x64.Build.0 = Embedded|x64
		{17D4D295-890F-412B-A137-24E19BF8E430}.NoAuthorization|linux-x64.ActiveCfg = NoAuthorization|x64
		{17D4D295-890F-412B-A137-24E19BF8E430}.NoAuthorization|x64.ActiveCfg = NoAuthorization|x64
		{17D4D295-890F-412B-A137-24E19BF8E430}.Release|linux-x64.ActiveCfg = Release|x64
		{17D4D295-890F-412B-A137-24E19BF8E430}.Release|linux-x64.Build.0 = Release|x64
		{17D4D295-890F-412B-A137-24E19BF8E430}.Release|x64.ActiveCfg = Release|x64
		{17D4D295-890F-412B-A137-24E19BF8E430}.Release|x64.Build.0 = Release|x64
		{828D3EF0-391F-41B8-BB94-4055EA74CC10}.Authorization|linux-x64.ActiveCfg = Debug|x64
		{828D3EF0-391F-41B8-BB94-4055EA74CC10}.Authorization|linux-x64.Build.0 = Debug|x64
		{828D3EF0-391F-41B8-BB94-4055EA74CC10}.Authorization|x64.ActiveCfg = NoAuthorization|x64
		{828D3EF0-391F-41B8-BB94-4055EA74CC10}.Authorization|x64.Build.0 = NoAuthorization|x64
		{828D3EF0-391F-41B8-BB94-4055EA74CC10}.AzureNoAuth|linux-x64.ActiveCfg = Release|x64
		{828D3EF0-391F-41B8-BB94-4055EA74CC10}.AzureNoAuth|linux-x64.Build.0 = Release|x64
		{828D3EF0-391F-41B8-BB94-4055EA74CC10}.AzureNoAuth|x64.ActiveCfg = Release|x64
		{828D3EF0-391F-41B8-BB94-4055EA74CC10}.AzureNoAuth|x64.Build.0 = Release|x64
		{828D3EF0-391F-41B8-BB94-4055EA74CC10}.Debug|linux-x64.ActiveCfg = Debug|x64
		{828D3EF0-391F-41B8-BB94-4055EA74CC10}.Debug|linux-x64.Build.0 = Debug|x64
		{828D3EF0-391F-41B8-BB94-4055EA74CC10}.Debug|x64.ActiveCfg = Debug|x64
		{828D3EF0-391F-41B8-BB94-4055EA74CC10}.Debug|x64.Build.0 = Debug|x64
		{828D3EF0-391F-41B8-BB94-4055EA74CC10}.Developer|linux-x64.ActiveCfg = Developer|x64
		{828D3EF0-391F-41B8-BB94-4055EA74CC10}.Developer|linux-x64.Build.0 = Developer|x64
		{828D3EF0-391F-41B8-BB94-4055EA74CC10}.Developer|x64.ActiveCfg = Developer|x64
		{828D3EF0-391F-41B8-BB94-4055EA74CC10}.Developer|x64.Build.0 = Developer|x64
		{828D3EF0-391F-41B8-BB94-4055EA74CC10}.Embedded|linux-x64.ActiveCfg = Embedded|x64
		{828D3EF0-391F-41B8-BB94-4055EA74CC10}.Embedded|x64.ActiveCfg = Embedded|x64
		{828D3EF0-391F-41B8-BB94-4055EA74CC10}.Embedded|x64.Build.0 = Embedded|x64
		{828D3EF0-391F-41B8-BB94-4055EA74CC10}.NoAuthorization|linux-x64.ActiveCfg = NoAuthorization|x64
		{828D3EF0-391F-41B8-BB94-4055EA74CC10}.NoAuthorization|x64.ActiveCfg = NoAuthorization|x64
		{828D3EF0-391F-41B8-BB94-4055EA74CC10}.Release|linux-x64.ActiveCfg = Release|x64
		{828D3EF0-391F-41B8-BB94-4055EA74CC10}.Release|x64.ActiveCfg = Release|x64
		{828D3EF0-391F-41B8-BB94-4055EA74CC10}.Release|x64.Build.0 = Release|x64
		{F1CC0C20-31D5-4011-863E-5139B979C75A}.Authorization|linux-x64.ActiveCfg = Authorization|x64
		{F1CC0C20-31D5-4011-863E-5139B979C75A}.Authorization|x64.ActiveCfg = Authorization|x64
		{F1CC0C20-31D5-4011-863E-5139B979C75A}.Authorization|x64.Build.0 = Authorization|x64
		{F1CC0C20-31D5-4011-863E-5139B979C75A}.AzureNoAuth|linux-x64.ActiveCfg = Release|x64
		{F1CC0C20-31D5-4011-863E-5139B979C75A}.AzureNoAuth|linux-x64.Build.0 = Release|x64
		{F1CC0C20-31D5-4011-863E-5139B979C75A}.AzureNoAuth|x64.ActiveCfg = Release|x64
		{F1CC0C20-31D5-4011-863E-5139B979C75A}.AzureNoAuth|x64.Build.0 = Release|x64
		{F1CC0C20-31D5-4011-863E-5139B979C75A}.Debug|linux-x64.ActiveCfg = Debug|x64
		{F1CC0C20-31D5-4011-863E-5139B979C75A}.Debug|x64.ActiveCfg = Debug|x64
		{F1CC0C20-31D5-4011-863E-5139B979C75A}.Debug|x64.Build.0 = Debug|x64
		{F1CC0C20-31D5-4011-863E-5139B979C75A}.Developer|linux-x64.ActiveCfg = Release|x64
		{F1CC0C20-31D5-4011-863E-5139B979C75A}.Developer|linux-x64.Build.0 = Release|x64
		{F1CC0C20-31D5-4011-863E-5139B979C75A}.Developer|x64.ActiveCfg = Debug|x64
		{F1CC0C20-31D5-4011-863E-5139B979C75A}.Developer|x64.Build.0 = Debug|x64
		{F1CC0C20-31D5-4011-863E-5139B979C75A}.Embedded|linux-x64.ActiveCfg = Debug|x64
		{F1CC0C20-31D5-4011-863E-5139B979C75A}.Embedded|linux-x64.Build.0 = Debug|x64
		{F1CC0C20-31D5-4011-863E-5139B979C75A}.Embedded|x64.ActiveCfg = Debug|x64
		{F1CC0C20-31D5-4011-863E-5139B979C75A}.Embedded|x64.Build.0 = Debug|x64
		{F1CC0C20-31D5-4011-863E-5139B979C75A}.NoAuthorization|linux-x64.ActiveCfg = NoAuthorization|x64
		{F1CC0C20-31D5-4011-863E-5139B979C75A}.NoAuthorization|linux-x64.Build.0 = NoAuthorization|x64
		{F1CC0C20-31D5-4011-863E-5139B979C75A}.NoAuthorization|x64.ActiveCfg = NoAuthorization|x64
		{F1CC0C20-31D5-4011-863E-5139B979C75A}.NoAuthorization|x64.Build.0 = NoAuthorization|x64
		{F1CC0C20-31D5-4011-863E-5139B979C75A}.Release|linux-x64.ActiveCfg = Release|x64
		{F1CC0C20-31D5-4011-863E-5139B979C75A}.Release|x64.ActiveCfg = Release|x64
		{F1CC0C20-31D5-4011-863E-5139B979C75A}.Release|x64.Build.0 = Release|x64
		{37A39288-E6C1-4294-9E1C-4B11ABAF9CF3}.Authorization|linux-x64.ActiveCfg = NoAuthorization|x64
		{37A39288-E6C1-4294-9E1C-4B11ABAF9CF3}.Authorization|linux-x64.Build.0 = NoAuthorization|x64
		{37A39288-E6C1-4294-9E1C-4B11ABAF9CF3}.Authorization|x64.ActiveCfg = NoAuthorization|x64
		{37A39288-E6C1-4294-9E1C-4B11ABAF9CF3}.Authorization|x64.Build.0 = NoAuthorization|x64
		{37A39288-E6C1-4294-9E1C-4B11ABAF9CF3}.AzureNoAuth|linux-x64.ActiveCfg = Debug|x64
		{37A39288-E6C1-4294-9E1C-4B11ABAF9CF3}.AzureNoAuth|linux-x64.Build.0 = Debug|x64
		{37A39288-E6C1-4294-9E1C-4B11ABAF9CF3}.AzureNoAuth|x64.ActiveCfg = Debug|x64
		{37A39288-E6C1-4294-9E1C-4B11ABAF9CF3}.AzureNoAuth|x64.Build.0 = Debug|x64
		{37A39288-E6C1-4294-9E1C-4B11ABAF9CF3}.Debug|linux-x64.ActiveCfg = Debug|x64
		{37A39288-E6C1-4294-9E1C-4B11ABAF9CF3}.Debug|linux-x64.Build.0 = Debug|x64
		{37A39288-E6C1-4294-9E1C-4B11ABAF9CF3}.Debug|x64.ActiveCfg = Debug|x64
		{37A39288-E6C1-4294-9E1C-4B11ABAF9CF3}.Debug|x64.Build.0 = Debug|x64
		{37A39288-E6C1-4294-9E1C-4B11ABAF9CF3}.Developer|linux-x64.ActiveCfg = Debug|x64
		{37A39288-E6C1-4294-9E1C-4B11ABAF9CF3}.Developer|linux-x64.Build.0 = Debug|x64
		{37A39288-E6C1-4294-9E1C-4B11ABAF9CF3}.Developer|x64.ActiveCfg = Debug|x64
		{37A39288-E6C1-4294-9E1C-4B11ABAF9CF3}.Developer|x64.Build.0 = Debug|x64
		{37A39288-E6C1-4294-9E1C-4B11ABAF9CF3}.Embedded|linux-x64.ActiveCfg = Embedded|x64
		{37A39288-E6C1-4294-9E1C-4B11ABAF9CF3}.Embedded|linux-x64.Build.0 = Embedded|x64
		{37A39288-E6C1-4294-9E1C-4B11ABAF9CF3}.Embedded|x64.ActiveCfg = Embedded|x64
		{37A39288-E6C1-4294-9E1C-4B11ABAF9CF3}.Embedded|x64.Build.0 = Embedded|x64
		{37A39288-E6C1-4294-9E1C-4B11ABAF9CF3}.NoAuthorization|linux-x64.ActiveCfg = NoAuthorization|x64
		{37A39288-E6C1-4294-9E1C-4B11ABAF9CF3}.NoAuthorization|linux-x64.Build.0 = NoAuthorization|x64
		{37A39288-E6C1-4294-9E1C-4B11ABAF9CF3}.NoAuthorization|x64.ActiveCfg = NoAuthorization|x64
		{37A39288-E6C1-4294-9E1C-4B11ABAF9CF3}.NoAuthorization|x64.Build.0 = NoAuthorization|x64
		{37A39288-E6C1-4294-9E1C-4B11ABAF9CF3}.Release|linux-x64.ActiveCfg = Release|x64
		{37A39288-E6C1-4294-9E1C-4B11ABAF9CF3}.Release|linux-x64.Build.0 = Release|x64
		{37A39288-E6C1-4294-9E1C-4B11ABAF9CF3}.Release|x64.ActiveCfg = Release|x64
		{37A39288-E6C1-4294-9E1C-4B11ABAF9CF3}.Release|x64.Build.0 = Release|x64
		{F801F503-72C6-4C52-A9B0-1C28947334DC}.Authorization|linux-x64.ActiveCfg = Debug|x64
		{F801F503-72C6-4C52-A9B0-1C28947334DC}.Authorization|linux-x64.Build.0 = Debug|x64
		{F801F503-72C6-4C52-A9B0-1C28947334DC}.Authorization|x64.ActiveCfg = Debug|x64
		{F801F503-72C6-4C52-A9B0-1C28947334DC}.Authorization|x64.Build.0 = Debug|x64
		{F801F503-72C6-4C52-A9B0-1C28947334DC}.AzureNoAuth|linux-x64.ActiveCfg = Debug|x64
		{F801F503-72C6-4C52-A9B0-1C28947334DC}.AzureNoAuth|linux-x64.Build.0 = Debug|x64
		{F801F503-72C6-4C52-A9B0-1C28947334DC}.AzureNoAuth|x64.ActiveCfg = Debug|x64
		{F801F503-72C6-4C52-A9B0-1C28947334DC}.AzureNoAuth|x64.Build.0 = Debug|x64
		{F801F503-72C6-4C52-A9B0-1C28947334DC}.Debug|linux-x64.ActiveCfg = Debug|x64
		{F801F503-72C6-4C52-A9B0-1C28947334DC}.Debug|linux-x64.Build.0 = Debug|x64
		{F801F503-72C6-4C52-A9B0-1C28947334DC}.Debug|x64.ActiveCfg = Debug|x64
		{F801F503-72C6-4C52-A9B0-1C28947334DC}.Debug|x64.Build.0 = Debug|x64
		{F801F503-72C6-4C52-A9B0-1C28947334DC}.Developer|linux-x64.ActiveCfg = Debug|x64
		{F801F503-72C6-4C52-A9B0-1C28947334DC}.Developer|linux-x64.Build.0 = Debug|x64
		{F801F503-72C6-4C52-A9B0-1C28947334DC}.Developer|x64.ActiveCfg = Debug|x64
		{F801F503-72C6-4C52-A9B0-1C28947334DC}.Developer|x64.Build.0 = Debug|x64
		{F801F503-72C6-4C52-A9B0-1C28947334DC}.Embedded|linux-x64.ActiveCfg = Debug|x64
		{F801F503-72C6-4C52-A9B0-1C28947334DC}.Embedded|linux-x64.Build.0 = Debug|x64
		{F801F503-72C6-4C52-A9B0-1C28947334DC}.Embedded|x64.ActiveCfg = Debug|x64
		{F801F503-72C6-4C52-A9B0-1C28947334DC}.Embedded|x64.Build.0 = Debug|x64
		{F801F503-72C6-4C52-A9B0-1C28947334DC}.NoAuthorization|linux-x64.ActiveCfg = Debug|x64
		{F801F503-72C6-4C52-A9B0-1C28947334DC}.NoAuthorization|linux-x64.Build.0 = Debug|x64
		{F801F503-72C6-4C52-A9B0-1C28947334DC}.NoAuthorization|x64.ActiveCfg = Debug|x64
		{F801F503-72C6-4C52-A9B0-1C28947334DC}.NoAuthorization|x64.Build.0 = Debug|x64
		{F801F503-72C6-4C52-A9B0-1C28947334DC}.Release|linux-x64.ActiveCfg = Release|x64
		{F801F503-72C6-4C52-A9B0-1C28947334DC}.Release|linux-x64.Build.0 = Release|x64
		{F801F503-72C6-4C52-A9B0-1C28947334DC}.Release|x64.ActiveCfg = Release|x64
		{F801F503-72C6-4C52-A9B0-1C28947334DC}.Release|x64.Build.0 = Release|x64
		{85F8C06F-041E-49E9-80A8-E769D0028156}.Authorization|linux-x64.ActiveCfg = Debug|x64
		{85F8C06F-041E-49E9-80A8-E769D0028156}.Authorization|linux-x64.Build.0 = Debug|x64
		{85F8C06F-041E-49E9-80A8-E769D0028156}.Authorization|x64.ActiveCfg = Debug|x64
		{85F8C06F-041E-49E9-80A8-E769D0028156}.Authorization|x64.Build.0 = Debug|x64
		{85F8C06F-041E-49E9-80A8-E769D0028156}.AzureNoAuth|linux-x64.ActiveCfg = Debug|x64
		{85F8C06F-041E-49E9-80A8-E769D0028156}.AzureNoAuth|linux-x64.Build.0 = Debug|x64
		{85F8C06F-041E-49E9-80A8-E769D0028156}.AzureNoAuth|x64.ActiveCfg = Debug|x64
		{85F8C06F-041E-49E9-80A8-E769D0028156}.AzureNoAuth|x64.Build.0 = Debug|x64
		{85F8C06F-041E-49E9-80A8-E769D0028156}.Debug|linux-x64.ActiveCfg = Debug|x64
		{85F8C06F-041E-49E9-80A8-E769D0028156}.Debug|linux-x64.Build.0 = Debug|x64
		{85F8C06F-041E-49E9-80A8-E769D0028156}.Debug|x64.ActiveCfg = Debug|x64
		{85F8C06F-041E-49E9-80A8-E769D0028156}.Debug|x64.Build.0 = Debug|x64
		{85F8C06F-041E-49E9-80A8-E769D0028156}.Developer|linux-x64.ActiveCfg = Debug|x64
		{85F8C06F-041E-49E9-80A8-E769D0028156}.Developer|linux-x64.Build.0 = Debug|x64
		{85F8C06F-041E-49E9-80A8-E769D0028156}.Developer|x64.ActiveCfg = Debug|x64
		{85F8C06F-041E-49E9-80A8-E769D0028156}.Developer|x64.Build.0 = Debug|x64
		{85F8C06F-041E-49E9-80A8-E769D0028156}.Embedded|linux-x64.ActiveCfg = Embedded|x64
		{85F8C06F-041E-49E9-80A8-E769D0028156}.Embedded|linux-x64.Build.0 = Embedded|x64
		{85F8C06F-041E-49E9-80A8-E769D0028156}.Embedded|x64.ActiveCfg = Embedded|x64
		{85F8C06F-041E-49E9-80A8-E769D0028156}.Embedded|x64.Build.0 = Embedded|x64
		{85F8C06F-041E-49E9-80A8-E769D0028156}.NoAuthorization|linux-x64.ActiveCfg = Debug|x64
		{85F8C06F-041E-49E9-80A8-E769D0028156}.NoAuthorization|linux-x64.Build.0 = Debug|x64
		{85F8C06F-041E-49E9-80A8-E769D0028156}.NoAuthorization|x64.ActiveCfg = Debug|x64
		{85F8C06F-041E-49E9-80A8-E769D0028156}.NoAuthorization|x64.Build.0 = Debug|x64
		{85F8C06F-041E-49E9-80A8-E769D0028156}.Release|linux-x64.ActiveCfg = Release|x64
		{85F8C06F-041E-49E9-80A8-E769D0028156}.Release|linux-x64.Build.0 = Release|x64
		{85F8C06F-041E-49E9-80A8-E769D0028156}.Release|x64.ActiveCfg = Release|x64
		{85F8C06F-041E-49E9-80A8-E769D0028156}.Release|x64.Build.0 = Release|x64
		{AB9C1C62-4B4F-4721-B868-1C269E1B5893}.Authorization|linux-x64.ActiveCfg = Release|x64
		{AB9C1C62-4B4F-4721-B868-1C269E1B5893}.Authorization|linux-x64.Build.0 = Release|x64
		{AB9C1C62-4B4F-4721-B868-1C269E1B5893}.Authorization|x64.ActiveCfg = Release|x64
		{AB9C1C62-4B4F-4721-B868-1C269E1B5893}.Authorization|x64.Build.0 = Release|x64
		{AB9C1C62-4B4F-4721-B868-1C269E1B5893}.AzureNoAuth|linux-x64.ActiveCfg = Release|x64
		{AB9C1C62-4B4F-4721-B868-1C269E1B5893}.AzureNoAuth|linux-x64.Build.0 = Release|x64
		{AB9C1C62-4B4F-4721-B868-1C269E1B5893}.AzureNoAuth|x64.ActiveCfg = Release|x64
		{AB9C1C62-4B4F-4721-B868-1C269E1B5893}.AzureNoAuth|x64.Build.0 = Release|x64
		{AB9C1C62-4B4F-4721-B868-1C269E1B5893}.Debug|linux-x64.ActiveCfg = Debug|x64
		{AB9C1C62-4B4F-4721-B868-1C269E1B5893}.Debug|linux-x64.Build.0 = Debug|x64
		{AB9C1C62-4B4F-4721-B868-1C269E1B5893}.Debug|x64.ActiveCfg = Debug|x64
		{AB9C1C62-4B4F-4721-B868-1C269E1B5893}.Debug|x64.Build.0 = Debug|x64
		{AB9C1C62-4B4F-4721-B868-1C269E1B5893}.Developer|linux-x64.ActiveCfg = Debug|x64
		{AB9C1C62-4B4F-4721-B868-1C269E1B5893}.Developer|linux-x64.Build.0 = Debug|x64
		{AB9C1C62-4B4F-4721-B868-1C269E1B5893}.Developer|x64.ActiveCfg = Debug|x64
		{AB9C1C62-4B4F-4721-B868-1C269E1B5893}.Developer|x64.Build.0 = Debug|x64
		{AB9C1C62-4B4F-4721-B868-1C269E1B5893}.Embedded|linux-x64.ActiveCfg = Release|x64
		{AB9C1C62-4B4F-4721-B868-1C269E1B5893}.Embedded|linux-x64.Build.0 = Release|x64
		{AB9C1C62-4B4F-4721-B868-1C269E1B5893}.Embedded|x64.ActiveCfg = Release|x64
		{AB9C1C62-4B4F-4721-B868-1C269E1B5893}.Embedded|x64.Build.0 = Release|x64
		{AB9C1C62-4B4F-4721-B868-1C269E1B5893}.NoAuthorization|linux-x64.ActiveCfg = Release|x64
		{AB9C1C62-4B4F-4721-B868-1C269E1B5893}.NoAuthorization|linux-x64.Build.0 = Release|x64
		{AB9C1C62-4B4F-4721-B868-1C269E1B5893}.NoAuthorization|x64.ActiveCfg = Release|x64
		{AB9C1C62-4B4F-4721-B868-1C269E1B5893}.NoAuthorization|x64.Build.0 = Release|x64
		{AB9C1C62-4B4F-4721-B868-1C269E1B5893}.Release|linux-x64.ActiveCfg = Release|x64
		{AB9C1C62-4B4F-4721-B868-1C269E1B5893}.Release|linux-x64.Build.0 = Release|x64
		{AB9C1C62-4B4F-4721-B868-1C269E1B5893}.Release|x64.ActiveCfg = Release|x64
		{AB9C1C62-4B4F-4721-B868-1C269E1B5893}.Release|x64.Build.0 = Release|x64
	EndGlobalSection
	GlobalSection(SolutionProperties) = preSolution
		HideSolutionNode = FALSE
	EndGlobalSection
	GlobalSection(NestedProjects) = preSolution
		{AA110533-9A33-4884-B006-73742762B0F5} = {6A79DAD3-9AEF-47C3-9BF4-BF27365F3BF0}
		{BA890C82-9117-4554-864D-BE55C4B0564A} = {6A79DAD3-9AEF-47C3-9BF4-BF27365F3BF0}
		{17D4D295-890F-412B-A137-24E19BF8E430} = {6A79DAD3-9AEF-47C3-9BF4-BF27365F3BF0}
		{828D3EF0-391F-41B8-BB94-4055EA74CC10} = {6A79DAD3-9AEF-47C3-9BF4-BF27365F3BF0}
		{F1CC0C20-31D5-4011-863E-5139B979C75A} = {6A79DAD3-9AEF-47C3-9BF4-BF27365F3BF0}
		{37A39288-E6C1-4294-9E1C-4B11ABAF9CF3} = {48F15A61-E458-4F4B-A64E-6F0B5F38DB2F}
		{F801F503-72C6-4C52-A9B0-1C28947334DC} = {6A79DAD3-9AEF-47C3-9BF4-BF27365F3BF0}
		{85F8C06F-041E-49E9-80A8-E769D0028156} = {6A79DAD3-9AEF-47C3-9BF4-BF27365F3BF0}
		{3F894B2C-1045-4C84-B986-393C4DD12C62} = {6A79DAD3-9AEF-47C3-9BF4-BF27365F3BF0}
		{F3C5B1B4-B9C7-4255-9596-87CAE9E43E3E} = {3F894B2C-1045-4C84-B986-393C4DD12C62}
		{AB9C1C62-4B4F-4721-B868-1C269E1B5893} = {3F894B2C-1045-4C84-B986-393C4DD12C62}
	EndGlobalSection
	GlobalSection(ExtensibilityGlobals) = postSolution
		SolutionGuid = {27582E6D-A662-4DF3-834C-74D0A94025A1}
	EndGlobalSection
EndGlobal
