
Microsoft Visual Studio Solution File, Format Version 12.00
# Visual Studio Version 17
VisualStudioVersion = 17.0.31606.5
MinimumVisualStudioVersion = 10.0.40219.1
Project("{2150E333-8FDC-42A3-9474-1A3956D46DE8}") = "test", "test", "{48F15A61-E458-4F4B-A64E-6F0B5F38DB2F}"
EndProject
Project("{2150E333-8FDC-42A3-9474-1A3956D46DE8}") = "src", "src", "{6A79DAD3-9AEF-47C3-9BF4-BF27365F3BF0}"
EndProject
Project("{9A19103F-16F7-4668-BE54-9A1E7A4F7556}") = "RemoteBlazorWebView.Wpf", "src\RemoteBlazorWebView.Wpf\RemoteBlazorWebView.Wpf.csproj", "{AA110533-9A33-4884-B006-73742762B0F5}"
EndProject
Project("{2150E333-8FDC-42A3-9474-1A3956D46DE8}") = "Solution Items", "Solution Items", "{D05DB932-B305-40C7-968A-19F814FD7F2A}"
	ProjectSection(SolutionItems) = preProject
		azure-pipelines.yml = azure-pipelines.yml
		Directory.Build.props = Directory.Build.props
		README.md = README.md
		..\RemoteBlazorWebViewTutorial\README.md = ..\RemoteBlazorWebViewTutorial\README.md
		README.txt = README.txt
		Release.md = Release.md
		ReleaseNotes.txt = ReleaseNotes.txt
		RunTests.ps1 = RunTests.ps1
		TODO.txt = TODO.txt
	EndProjectSection
EndProject
Project("{9A19103F-16F7-4668-BE54-9A1E7A4F7556}") = "RemoteWebView.Blazor.JS", "src\RemoteWebView.Blazor.JS\RemoteWebView.Blazor.JS.csproj", "{BA890C82-9117-4554-864D-BE55C4B0564A}"
EndProject
Project("{9A19103F-16F7-4668-BE54-9A1E7A4F7556}") = "RemoteBlazorWebView.WindowsForms", "src\RemoteBlazorWebView.WinForms\RemoteBlazorWebView.WindowsForms.csproj", "{17D4D295-890F-412B-A137-24E19BF8E430}"
EndProject
Project("{9A19103F-16F7-4668-BE54-9A1E7A4F7556}") = "RemoteWebView", "src\RemoteWebView\RemoteWebView.csproj", "{828D3EF0-391F-41B8-BB94-4055EA74CC10}"
EndProject
Project("{9A19103F-16F7-4668-BE54-9A1E7A4F7556}") = "RemoteWebViewService", "src\RemoteWebViewService\RemoteWebViewService.csproj", "{F1CC0C20-31D5-4011-863E-5139B979C75A}"
EndProject
Project("{9A19103F-16F7-4668-BE54-9A1E7A4F7556}") = "WebdriverTestProject", "testassets\NUnitTestProject\WebdriverTestProject.csproj", "{37A39288-E6C1-4294-9E1C-4B11ABAF9CF3}"
EndProject
Project("{9A19103F-16F7-4668-BE54-9A1E7A4F7556}") = "EditWebView", "src\EditWebView\EditWebView.csproj", "{F801F503-72C6-4C52-A9B0-1C28947334DC}"
EndProject
Project("{9A19103F-16F7-4668-BE54-9A1E7A4F7556}") = "RemoteBlazorWebView", "src\RemoteBlazorWebView\RemoteBlazorWebView.csproj", "{85F8C06F-041E-49E9-80A8-E769D0028156}"
EndProject
Project("{9A19103F-16F7-4668-BE54-9A1E7A4F7556}") = "RemoteBlazorWebView.Maui", "src\RemoteBlazorWebView.Maui\RemoteBlazorWebView.Maui.csproj", "{15E4D1AB-FABC-45CB-AC05-0F13C577722B}"
EndProject
Global
	GlobalSection(SolutionConfigurationPlatforms) = preSolution
		Authorization|Any CPU = Authorization|Any CPU
		Authorization|x64 = Authorization|x64
		Authorization|x86 = Authorization|x86
		Debug|Any CPU = Debug|Any CPU
		Debug|x64 = Debug|x64
		Debug|x86 = Debug|x86
		Developer|Any CPU = Developer|Any CPU
		Developer|x64 = Developer|x64
		Developer|x86 = Developer|x86
		Embedded|Any CPU = Embedded|Any CPU
		Embedded|x64 = Embedded|x64
		Embedded|x86 = Embedded|x86
		NoAuthorization|Any CPU = NoAuthorization|Any CPU
		NoAuthorization|x64 = NoAuthorization|x64
		NoAuthorization|x86 = NoAuthorization|x86
		Release|Any CPU = Release|Any CPU
		Release|x64 = Release|x64
		Release|x86 = Release|x86
		ServerNoAuth|Any CPU = ServerNoAuth|Any CPU
		ServerNoAuth|x64 = ServerNoAuth|x64
		ServerNoAuth|x86 = ServerNoAuth|x86
	EndGlobalSection
	GlobalSection(ProjectConfigurationPlatforms) = postSolution
		{AA110533-9A33-4884-B006-73742762B0F5}.Authorization|Any CPU.ActiveCfg = Release|Any CPU
		{AA110533-9A33-4884-B006-73742762B0F5}.Authorization|x64.ActiveCfg = Debug|x64
		{AA110533-9A33-4884-B006-73742762B0F5}.Authorization|x64.Build.0 = Debug|x64
		{AA110533-9A33-4884-B006-73742762B0F5}.Authorization|x86.ActiveCfg = Authorization|Any CPU
		{AA110533-9A33-4884-B006-73742762B0F5}.Authorization|x86.Build.0 = Authorization|Any CPU
		{AA110533-9A33-4884-B006-73742762B0F5}.Debug|Any CPU.ActiveCfg = Debug|x64
		{AA110533-9A33-4884-B006-73742762B0F5}.Debug|Any CPU.Build.0 = Debug|x64
		{AA110533-9A33-4884-B006-73742762B0F5}.Debug|x64.ActiveCfg = Debug|x64
		{AA110533-9A33-4884-B006-73742762B0F5}.Debug|x64.Build.0 = Debug|x64
		{AA110533-9A33-4884-B006-73742762B0F5}.Debug|x86.ActiveCfg = Debug|Any CPU
		{AA110533-9A33-4884-B006-73742762B0F5}.Debug|x86.Build.0 = Debug|Any CPU
		{AA110533-9A33-4884-B006-73742762B0F5}.Developer|Any CPU.ActiveCfg = Developer|x64
		{AA110533-9A33-4884-B006-73742762B0F5}.Developer|Any CPU.Build.0 = Developer|x64
		{AA110533-9A33-4884-B006-73742762B0F5}.Developer|x64.ActiveCfg = Developer|x64
		{AA110533-9A33-4884-B006-73742762B0F5}.Developer|x64.Build.0 = Developer|x64
		{AA110533-9A33-4884-B006-73742762B0F5}.Developer|x86.ActiveCfg = Developer|x64
		{AA110533-9A33-4884-B006-73742762B0F5}.Developer|x86.Build.0 = Developer|x64
		{AA110533-9A33-4884-B006-73742762B0F5}.Embedded|Any CPU.ActiveCfg = Embedded|Any CPU
		{AA110533-9A33-4884-B006-73742762B0F5}.Embedded|Any CPU.Build.0 = Embedded|Any CPU
		{AA110533-9A33-4884-B006-73742762B0F5}.Embedded|x64.ActiveCfg = Embedded|x64
		{AA110533-9A33-4884-B006-73742762B0F5}.Embedded|x64.Build.0 = Embedded|x64
		{AA110533-9A33-4884-B006-73742762B0F5}.Embedded|x86.ActiveCfg = Embedded|Any CPU
		{AA110533-9A33-4884-B006-73742762B0F5}.Embedded|x86.Build.0 = Embedded|Any CPU
		{AA110533-9A33-4884-B006-73742762B0F5}.NoAuthorization|Any CPU.ActiveCfg = NoAuthorization|x64
		{AA110533-9A33-4884-B006-73742762B0F5}.NoAuthorization|x64.ActiveCfg = NoAuthorization|x64
		{AA110533-9A33-4884-B006-73742762B0F5}.NoAuthorization|x86.ActiveCfg = NoAuthorization|Any CPU
		{AA110533-9A33-4884-B006-73742762B0F5}.NoAuthorization|x86.Build.0 = NoAuthorization|Any CPU
		{AA110533-9A33-4884-B006-73742762B0F5}.Release|Any CPU.ActiveCfg = Release|x64
		{AA110533-9A33-4884-B006-73742762B0F5}.Release|Any CPU.Build.0 = Release|x64
		{AA110533-9A33-4884-B006-73742762B0F5}.Release|x64.ActiveCfg = Release|x64
		{AA110533-9A33-4884-B006-73742762B0F5}.Release|x64.Build.0 = Release|x64
		{AA110533-9A33-4884-B006-73742762B0F5}.Release|x86.ActiveCfg = Release|Any CPU
		{AA110533-9A33-4884-B006-73742762B0F5}.Release|x86.Build.0 = Release|Any CPU
		{AA110533-9A33-4884-B006-73742762B0F5}.ServerNoAuth|Any CPU.ActiveCfg = NoAuthorization|Any CPU
		{AA110533-9A33-4884-B006-73742762B0F5}.ServerNoAuth|Any CPU.Build.0 = NoAuthorization|Any CPU
		{AA110533-9A33-4884-B006-73742762B0F5}.ServerNoAuth|x64.ActiveCfg = Release|x64
		{AA110533-9A33-4884-B006-73742762B0F5}.ServerNoAuth|x64.Build.0 = Release|x64
		{AA110533-9A33-4884-B006-73742762B0F5}.ServerNoAuth|x86.ActiveCfg = NoAuthorization|Any CPU
		{AA110533-9A33-4884-B006-73742762B0F5}.ServerNoAuth|x86.Build.0 = NoAuthorization|Any CPU
		{BA890C82-9117-4554-864D-BE55C4B0564A}.Authorization|Any CPU.ActiveCfg = Debug|Any CPU
		{BA890C82-9117-4554-864D-BE55C4B0564A}.Authorization|Any CPU.Build.0 = Debug|Any CPU
		{BA890C82-9117-4554-864D-BE55C4B0564A}.Authorization|x64.ActiveCfg = Debug|Any CPU
		{BA890C82-9117-4554-864D-BE55C4B0564A}.Authorization|x64.Build.0 = Debug|Any CPU
		{BA890C82-9117-4554-864D-BE55C4B0564A}.Authorization|x86.ActiveCfg = Debug|Any CPU
		{BA890C82-9117-4554-864D-BE55C4B0564A}.Authorization|x86.Build.0 = Debug|Any CPU
		{BA890C82-9117-4554-864D-BE55C4B0564A}.Debug|Any CPU.ActiveCfg = Debug|Any CPU
		{BA890C82-9117-4554-864D-BE55C4B0564A}.Debug|Any CPU.Build.0 = Debug|Any CPU
		{BA890C82-9117-4554-864D-BE55C4B0564A}.Debug|x64.ActiveCfg = Debug|Any CPU
		{BA890C82-9117-4554-864D-BE55C4B0564A}.Debug|x64.Build.0 = Debug|Any CPU
		{BA890C82-9117-4554-864D-BE55C4B0564A}.Debug|x86.ActiveCfg = Debug|Any CPU
		{BA890C82-9117-4554-864D-BE55C4B0564A}.Debug|x86.Build.0 = Debug|Any CPU
		{BA890C82-9117-4554-864D-BE55C4B0564A}.Developer|Any CPU.ActiveCfg = Debug|Any CPU
		{BA890C82-9117-4554-864D-BE55C4B0564A}.Developer|Any CPU.Build.0 = Debug|Any CPU
		{BA890C82-9117-4554-864D-BE55C4B0564A}.Developer|x64.ActiveCfg = Debug|Any CPU
		{BA890C82-9117-4554-864D-BE55C4B0564A}.Developer|x64.Build.0 = Debug|Any CPU
		{BA890C82-9117-4554-864D-BE55C4B0564A}.Developer|x86.ActiveCfg = Debug|Any CPU
		{BA890C82-9117-4554-864D-BE55C4B0564A}.Developer|x86.Build.0 = Debug|Any CPU
		{BA890C82-9117-4554-864D-BE55C4B0564A}.Embedded|Any CPU.ActiveCfg = Embedded|Any CPU
		{BA890C82-9117-4554-864D-BE55C4B0564A}.Embedded|Any CPU.Build.0 = Embedded|Any CPU
		{BA890C82-9117-4554-864D-BE55C4B0564A}.Embedded|x64.ActiveCfg = Embedded|Any CPU
		{BA890C82-9117-4554-864D-BE55C4B0564A}.Embedded|x64.Build.0 = Embedded|Any CPU
		{BA890C82-9117-4554-864D-BE55C4B0564A}.Embedded|x86.ActiveCfg = Embedded|Any CPU
		{BA890C82-9117-4554-864D-BE55C4B0564A}.Embedded|x86.Build.0 = Embedded|Any CPU
		{BA890C82-9117-4554-864D-BE55C4B0564A}.NoAuthorization|Any CPU.ActiveCfg = Release|Any CPU
		{BA890C82-9117-4554-864D-BE55C4B0564A}.NoAuthorization|x64.ActiveCfg = Release|Any CPU
		{BA890C82-9117-4554-864D-BE55C4B0564A}.NoAuthorization|x86.ActiveCfg = Release|Any CPU
		{BA890C82-9117-4554-864D-BE55C4B0564A}.Release|Any CPU.ActiveCfg = Release|Any CPU
		{BA890C82-9117-4554-864D-BE55C4B0564A}.Release|Any CPU.Build.0 = Release|Any CPU
		{BA890C82-9117-4554-864D-BE55C4B0564A}.Release|x64.ActiveCfg = Release|Any CPU
		{BA890C82-9117-4554-864D-BE55C4B0564A}.Release|x64.Build.0 = Release|Any CPU
		{BA890C82-9117-4554-864D-BE55C4B0564A}.Release|x86.ActiveCfg = Release|Any CPU
		{BA890C82-9117-4554-864D-BE55C4B0564A}.Release|x86.Build.0 = Release|Any CPU
		{BA890C82-9117-4554-864D-BE55C4B0564A}.ServerNoAuth|Any CPU.ActiveCfg = Release|Any CPU
		{BA890C82-9117-4554-864D-BE55C4B0564A}.ServerNoAuth|x64.ActiveCfg = Release|Any CPU
		{BA890C82-9117-4554-864D-BE55C4B0564A}.ServerNoAuth|x86.ActiveCfg = Release|Any CPU
		{17D4D295-890F-412B-A137-24E19BF8E430}.Authorization|Any CPU.ActiveCfg = Debug|Any CPU
		{17D4D295-890F-412B-A137-24E19BF8E430}.Authorization|Any CPU.Build.0 = Debug|Any CPU
		{17D4D295-890F-412B-A137-24E19BF8E430}.Authorization|x64.ActiveCfg = Debug|x64
		{17D4D295-890F-412B-A137-24E19BF8E430}.Authorization|x64.Build.0 = Debug|x64
		{17D4D295-890F-412B-A137-24E19BF8E430}.Authorization|x86.ActiveCfg = Debug|Any CPU
		{17D4D295-890F-412B-A137-24E19BF8E430}.Authorization|x86.Build.0 = Debug|Any CPU
		{17D4D295-890F-412B-A137-24E19BF8E430}.Debug|Any CPU.ActiveCfg = Debug|x64
		{17D4D295-890F-412B-A137-24E19BF8E430}.Debug|Any CPU.Build.0 = Debug|x64
		{17D4D295-890F-412B-A137-24E19BF8E430}.Debug|x64.ActiveCfg = Debug|x64
		{17D4D295-890F-412B-A137-24E19BF8E430}.Debug|x64.Build.0 = Debug|x64
		{17D4D295-890F-412B-A137-24E19BF8E430}.Debug|x86.ActiveCfg = Debug|Any CPU
		{17D4D295-890F-412B-A137-24E19BF8E430}.Debug|x86.Build.0 = Debug|Any CPU
		{17D4D295-890F-412B-A137-24E19BF8E430}.Developer|Any CPU.ActiveCfg = Debug|Any CPU
		{17D4D295-890F-412B-A137-24E19BF8E430}.Developer|Any CPU.Build.0 = Debug|Any CPU
		{17D4D295-890F-412B-A137-24E19BF8E430}.Developer|x64.ActiveCfg = Debug|x64
		{17D4D295-890F-412B-A137-24E19BF8E430}.Developer|x64.Build.0 = Debug|x64
		{17D4D295-890F-412B-A137-24E19BF8E430}.Developer|x86.ActiveCfg = Debug|Any CPU
		{17D4D295-890F-412B-A137-24E19BF8E430}.Developer|x86.Build.0 = Debug|Any CPU
		{17D4D295-890F-412B-A137-24E19BF8E430}.Embedded|Any CPU.ActiveCfg = Embedded|Any CPU
		{17D4D295-890F-412B-A137-24E19BF8E430}.Embedded|Any CPU.Build.0 = Embedded|Any CPU
		{17D4D295-890F-412B-A137-24E19BF8E430}.Embedded|x64.ActiveCfg = Embedded|x64
		{17D4D295-890F-412B-A137-24E19BF8E430}.Embedded|x64.Build.0 = Embedded|x64
		{17D4D295-890F-412B-A137-24E19BF8E430}.Embedded|x86.ActiveCfg = Embedded|Any CPU
		{17D4D295-890F-412B-A137-24E19BF8E430}.Embedded|x86.Build.0 = Embedded|Any CPU
		{17D4D295-890F-412B-A137-24E19BF8E430}.NoAuthorization|Any CPU.ActiveCfg = NoAuthorization|x64
		{17D4D295-890F-412B-A137-24E19BF8E430}.NoAuthorization|x64.ActiveCfg = NoAuthorization|x64
		{17D4D295-890F-412B-A137-24E19BF8E430}.NoAuthorization|x86.ActiveCfg = NoAuthorization|Any CPU
		{17D4D295-890F-412B-A137-24E19BF8E430}.NoAuthorization|x86.Build.0 = NoAuthorization|Any CPU
		{17D4D295-890F-412B-A137-24E19BF8E430}.Release|Any CPU.ActiveCfg = Release|x64
		{17D4D295-890F-412B-A137-24E19BF8E430}.Release|Any CPU.Build.0 = Release|x64
		{17D4D295-890F-412B-A137-24E19BF8E430}.Release|x64.ActiveCfg = Release|x64
		{17D4D295-890F-412B-A137-24E19BF8E430}.Release|x64.Build.0 = Release|x64
		{17D4D295-890F-412B-A137-24E19BF8E430}.Release|x86.ActiveCfg = Release|Any CPU
		{17D4D295-890F-412B-A137-24E19BF8E430}.Release|x86.Build.0 = Release|Any CPU
		{17D4D295-890F-412B-A137-24E19BF8E430}.ServerNoAuth|Any CPU.ActiveCfg = Release|Any CPU
		{17D4D295-890F-412B-A137-24E19BF8E430}.ServerNoAuth|Any CPU.Build.0 = Release|Any CPU
		{17D4D295-890F-412B-A137-24E19BF8E430}.ServerNoAuth|x64.ActiveCfg = Release|x64
		{17D4D295-890F-412B-A137-24E19BF8E430}.ServerNoAuth|x64.Build.0 = Release|x64
		{17D4D295-890F-412B-A137-24E19BF8E430}.ServerNoAuth|x86.ActiveCfg = Release|Any CPU
		{17D4D295-890F-412B-A137-24E19BF8E430}.ServerNoAuth|x86.Build.0 = Release|Any CPU
		{828D3EF0-391F-41B8-BB94-4055EA74CC10}.Authorization|Any CPU.ActiveCfg = Debug|x64
		{828D3EF0-391F-41B8-BB94-4055EA74CC10}.Authorization|Any CPU.Build.0 = Debug|x64
		{828D3EF0-391F-41B8-BB94-4055EA74CC10}.Authorization|x64.ActiveCfg = NoAuthorization|x64
		{828D3EF0-391F-41B8-BB94-4055EA74CC10}.Authorization|x64.Build.0 = NoAuthorization|x64
		{828D3EF0-391F-41B8-BB94-4055EA74CC10}.Authorization|x86.ActiveCfg = Debug|x64
		{828D3EF0-391F-41B8-BB94-4055EA74CC10}.Authorization|x86.Build.0 = Debug|x64
		{828D3EF0-391F-41B8-BB94-4055EA74CC10}.Debug|Any CPU.ActiveCfg = Debug|Any CPU
		{828D3EF0-391F-41B8-BB94-4055EA74CC10}.Debug|Any CPU.Build.0 = Debug|Any CPU
		{828D3EF0-391F-41B8-BB94-4055EA74CC10}.Debug|x64.ActiveCfg = Debug|x64
		{828D3EF0-391F-41B8-BB94-4055EA74CC10}.Debug|x64.Build.0 = Debug|x64
		{828D3EF0-391F-41B8-BB94-4055EA74CC10}.Debug|x86.ActiveCfg = Debug|x64
		{828D3EF0-391F-41B8-BB94-4055EA74CC10}.Developer|Any CPU.ActiveCfg = Developer|x64
		{828D3EF0-391F-41B8-BB94-4055EA74CC10}.Developer|Any CPU.Build.0 = Developer|x64
		{828D3EF0-391F-41B8-BB94-4055EA74CC10}.Developer|x64.ActiveCfg = Developer|x64
		{828D3EF0-391F-41B8-BB94-4055EA74CC10}.Developer|x64.Build.0 = Developer|x64
		{828D3EF0-391F-41B8-BB94-4055EA74CC10}.Developer|x86.ActiveCfg = Developer|x64
		{828D3EF0-391F-41B8-BB94-4055EA74CC10}.Developer|x86.Build.0 = Developer|x64
		{828D3EF0-391F-41B8-BB94-4055EA74CC10}.Embedded|Any CPU.ActiveCfg = Embedded|x64
		{828D3EF0-391F-41B8-BB94-4055EA74CC10}.Embedded|x64.ActiveCfg = Embedded|x64
		{828D3EF0-391F-41B8-BB94-4055EA74CC10}.Embedded|x64.Build.0 = Embedded|x64
		{828D3EF0-391F-41B8-BB94-4055EA74CC10}.Embedded|x86.ActiveCfg = Embedded|x64
		{828D3EF0-391F-41B8-BB94-4055EA74CC10}.NoAuthorization|Any CPU.ActiveCfg = NoAuthorization|x64
		{828D3EF0-391F-41B8-BB94-4055EA74CC10}.NoAuthorization|x64.ActiveCfg = NoAuthorization|x64
		{828D3EF0-391F-41B8-BB94-4055EA74CC10}.NoAuthorization|x86.ActiveCfg = NoAuthorization|x64
		{828D3EF0-391F-41B8-BB94-4055EA74CC10}.Release|Any CPU.ActiveCfg = Release|x64
		{828D3EF0-391F-41B8-BB94-4055EA74CC10}.Release|x64.ActiveCfg = Release|x64
		{828D3EF0-391F-41B8-BB94-4055EA74CC10}.Release|x64.Build.0 = Release|x64
		{828D3EF0-391F-41B8-BB94-4055EA74CC10}.Release|x86.ActiveCfg = Release|x64
		{828D3EF0-391F-41B8-BB94-4055EA74CC10}.ServerNoAuth|Any CPU.ActiveCfg = Release|x64
		{828D3EF0-391F-41B8-BB94-4055EA74CC10}.ServerNoAuth|Any CPU.Build.0 = Release|x64
		{828D3EF0-391F-41B8-BB94-4055EA74CC10}.ServerNoAuth|x64.ActiveCfg = Release|x64
		{828D3EF0-391F-41B8-BB94-4055EA74CC10}.ServerNoAuth|x64.Build.0 = Release|x64
		{828D3EF0-391F-41B8-BB94-4055EA74CC10}.ServerNoAuth|x86.ActiveCfg = Release|x64
		{828D3EF0-391F-41B8-BB94-4055EA74CC10}.ServerNoAuth|x86.Build.0 = Release|x64
		{F1CC0C20-31D5-4011-863E-5139B979C75A}.Authorization|Any CPU.ActiveCfg = Authorization|x64
		{F1CC0C20-31D5-4011-863E-5139B979C75A}.Authorization|x64.ActiveCfg = Authorization|x64
		{F1CC0C20-31D5-4011-863E-5139B979C75A}.Authorization|x64.Build.0 = Authorization|x64
		{F1CC0C20-31D5-4011-863E-5139B979C75A}.Authorization|x86.ActiveCfg = Authorization|x64
		{F1CC0C20-31D5-4011-863E-5139B979C75A}.Debug|Any CPU.ActiveCfg = Debug|x64
		{F1CC0C20-31D5-4011-863E-5139B979C75A}.Debug|x64.ActiveCfg = Debug|x64
		{F1CC0C20-31D5-4011-863E-5139B979C75A}.Debug|x64.Build.0 = Debug|x64
		{F1CC0C20-31D5-4011-863E-5139B979C75A}.Debug|x86.ActiveCfg = Debug|x64
		{F1CC0C20-31D5-4011-863E-5139B979C75A}.Developer|Any CPU.ActiveCfg = Release|x64
		{F1CC0C20-31D5-4011-863E-5139B979C75A}.Developer|Any CPU.Build.0 = Release|x64
		{F1CC0C20-31D5-4011-863E-5139B979C75A}.Developer|x64.ActiveCfg = Debug|x64
		{F1CC0C20-31D5-4011-863E-5139B979C75A}.Developer|x64.Build.0 = Debug|x64
		{F1CC0C20-31D5-4011-863E-5139B979C75A}.Developer|x86.ActiveCfg = Release|x64
		{F1CC0C20-31D5-4011-863E-5139B979C75A}.Developer|x86.Build.0 = Release|x64
		{F1CC0C20-31D5-4011-863E-5139B979C75A}.Embedded|Any CPU.ActiveCfg = Debug|x64
		{F1CC0C20-31D5-4011-863E-5139B979C75A}.Embedded|Any CPU.Build.0 = Debug|x64
		{F1CC0C20-31D5-4011-863E-5139B979C75A}.Embedded|x64.ActiveCfg = Debug|x64
		{F1CC0C20-31D5-4011-863E-5139B979C75A}.Embedded|x64.Build.0 = Debug|x64
		{F1CC0C20-31D5-4011-863E-5139B979C75A}.Embedded|x86.ActiveCfg = Debug|x64
		{F1CC0C20-31D5-4011-863E-5139B979C75A}.Embedded|x86.Build.0 = Debug|x64
		{F1CC0C20-31D5-4011-863E-5139B979C75A}.NoAuthorization|Any CPU.ActiveCfg = NoAuthorization|x64
		{F1CC0C20-31D5-4011-863E-5139B979C75A}.NoAuthorization|Any CPU.Build.0 = NoAuthorization|x64
		{F1CC0C20-31D5-4011-863E-5139B979C75A}.NoAuthorization|x64.ActiveCfg = NoAuthorization|x64
		{F1CC0C20-31D5-4011-863E-5139B979C75A}.NoAuthorization|x64.Build.0 = NoAuthorization|x64
		{F1CC0C20-31D5-4011-863E-5139B979C75A}.NoAuthorization|x86.ActiveCfg = NoAuthorization|x64
		{F1CC0C20-31D5-4011-863E-5139B979C75A}.Release|Any CPU.ActiveCfg = Release|x64
		{F1CC0C20-31D5-4011-863E-5139B979C75A}.Release|x64.ActiveCfg = Release|x64
		{F1CC0C20-31D5-4011-863E-5139B979C75A}.Release|x64.Build.0 = Release|x64
		{F1CC0C20-31D5-4011-863E-5139B979C75A}.Release|x86.ActiveCfg = Release|x64
		{F1CC0C20-31D5-4011-863E-5139B979C75A}.ServerNoAuth|Any CPU.ActiveCfg = Release|x64
		{F1CC0C20-31D5-4011-863E-5139B979C75A}.ServerNoAuth|Any CPU.Build.0 = Release|x64
		{F1CC0C20-31D5-4011-863E-5139B979C75A}.ServerNoAuth|x64.ActiveCfg = Release|x64
		{F1CC0C20-31D5-4011-863E-5139B979C75A}.ServerNoAuth|x64.Build.0 = Release|x64
		{F1CC0C20-31D5-4011-863E-5139B979C75A}.ServerNoAuth|x86.ActiveCfg = Release|x64
		{F1CC0C20-31D5-4011-863E-5139B979C75A}.ServerNoAuth|x86.Build.0 = Release|x64
		{37A39288-E6C1-4294-9E1C-4B11ABAF9CF3}.Authorization|Any CPU.ActiveCfg = NoAuthorization|Any CPU
		{37A39288-E6C1-4294-9E1C-4B11ABAF9CF3}.Authorization|Any CPU.Build.0 = NoAuthorization|Any CPU
		{37A39288-E6C1-4294-9E1C-4B11ABAF9CF3}.Authorization|x64.ActiveCfg = NoAuthorization|Any CPU
		{37A39288-E6C1-4294-9E1C-4B11ABAF9CF3}.Authorization|x64.Build.0 = NoAuthorization|Any CPU
		{37A39288-E6C1-4294-9E1C-4B11ABAF9CF3}.Authorization|x86.ActiveCfg = NoAuthorization|Any CPU
		{37A39288-E6C1-4294-9E1C-4B11ABAF9CF3}.Authorization|x86.Build.0 = NoAuthorization|Any CPU
		{37A39288-E6C1-4294-9E1C-4B11ABAF9CF3}.Debug|Any CPU.ActiveCfg = Debug|Any CPU
		{37A39288-E6C1-4294-9E1C-4B11ABAF9CF3}.Debug|Any CPU.Build.0 = Debug|Any CPU
		{37A39288-E6C1-4294-9E1C-4B11ABAF9CF3}.Debug|x64.ActiveCfg = Debug|Any CPU
		{37A39288-E6C1-4294-9E1C-4B11ABAF9CF3}.Debug|x64.Build.0 = Debug|Any CPU
		{37A39288-E6C1-4294-9E1C-4B11ABAF9CF3}.Debug|x86.ActiveCfg = Debug|Any CPU
		{37A39288-E6C1-4294-9E1C-4B11ABAF9CF3}.Debug|x86.Build.0 = Debug|Any CPU
		{37A39288-E6C1-4294-9E1C-4B11ABAF9CF3}.Developer|Any CPU.ActiveCfg = Debug|Any CPU
		{37A39288-E6C1-4294-9E1C-4B11ABAF9CF3}.Developer|Any CPU.Build.0 = Debug|Any CPU
		{37A39288-E6C1-4294-9E1C-4B11ABAF9CF3}.Developer|x64.ActiveCfg = Debug|Any CPU
		{37A39288-E6C1-4294-9E1C-4B11ABAF9CF3}.Developer|x64.Build.0 = Debug|Any CPU
		{37A39288-E6C1-4294-9E1C-4B11ABAF9CF3}.Developer|x86.ActiveCfg = Debug|Any CPU
		{37A39288-E6C1-4294-9E1C-4B11ABAF9CF3}.Developer|x86.Build.0 = Debug|Any CPU
		{37A39288-E6C1-4294-9E1C-4B11ABAF9CF3}.Embedded|Any CPU.ActiveCfg = Embedded|Any CPU
		{37A39288-E6C1-4294-9E1C-4B11ABAF9CF3}.Embedded|Any CPU.Build.0 = Embedded|Any CPU
		{37A39288-E6C1-4294-9E1C-4B11ABAF9CF3}.Embedded|x64.ActiveCfg = Embedded|Any CPU
		{37A39288-E6C1-4294-9E1C-4B11ABAF9CF3}.Embedded|x64.Build.0 = Embedded|Any CPU
		{37A39288-E6C1-4294-9E1C-4B11ABAF9CF3}.Embedded|x86.ActiveCfg = Embedded|Any CPU
		{37A39288-E6C1-4294-9E1C-4B11ABAF9CF3}.Embedded|x86.Build.0 = Embedded|Any CPU
		{37A39288-E6C1-4294-9E1C-4B11ABAF9CF3}.NoAuthorization|Any CPU.ActiveCfg = NoAuthorization|Any CPU
		{37A39288-E6C1-4294-9E1C-4B11ABAF9CF3}.NoAuthorization|x64.ActiveCfg = NoAuthorization|Any CPU
		{37A39288-E6C1-4294-9E1C-4B11ABAF9CF3}.NoAuthorization|x64.Build.0 = NoAuthorization|Any CPU
		{37A39288-E6C1-4294-9E1C-4B11ABAF9CF3}.NoAuthorization|x86.ActiveCfg = NoAuthorization|Any CPU
		{37A39288-E6C1-4294-9E1C-4B11ABAF9CF3}.NoAuthorization|x86.Build.0 = NoAuthorization|Any CPU
		{37A39288-E6C1-4294-9E1C-4B11ABAF9CF3}.Release|Any CPU.ActiveCfg = Release|Any CPU
		{37A39288-E6C1-4294-9E1C-4B11ABAF9CF3}.Release|Any CPU.Build.0 = Release|Any CPU
		{37A39288-E6C1-4294-9E1C-4B11ABAF9CF3}.Release|x64.ActiveCfg = Release|Any CPU
		{37A39288-E6C1-4294-9E1C-4B11ABAF9CF3}.Release|x64.Build.0 = Release|Any CPU
		{37A39288-E6C1-4294-9E1C-4B11ABAF9CF3}.Release|x86.ActiveCfg = Release|Any CPU
		{37A39288-E6C1-4294-9E1C-4B11ABAF9CF3}.Release|x86.Build.0 = Release|Any CPU
		{37A39288-E6C1-4294-9E1C-4B11ABAF9CF3}.ServerNoAuth|Any CPU.ActiveCfg = Debug|Any CPU
		{37A39288-E6C1-4294-9E1C-4B11ABAF9CF3}.ServerNoAuth|Any CPU.Build.0 = Debug|Any CPU
		{37A39288-E6C1-4294-9E1C-4B11ABAF9CF3}.ServerNoAuth|x64.ActiveCfg = Debug|Any CPU
		{37A39288-E6C1-4294-9E1C-4B11ABAF9CF3}.ServerNoAuth|x64.Build.0 = Debug|Any CPU
		{37A39288-E6C1-4294-9E1C-4B11ABAF9CF3}.ServerNoAuth|x86.ActiveCfg = Debug|Any CPU
		{37A39288-E6C1-4294-9E1C-4B11ABAF9CF3}.ServerNoAuth|x86.Build.0 = Debug|Any CPU
		{F801F503-72C6-4C52-A9B0-1C28947334DC}.Authorization|Any CPU.ActiveCfg = Debug|Any CPU
		{F801F503-72C6-4C52-A9B0-1C28947334DC}.Authorization|Any CPU.Build.0 = Debug|Any CPU
		{F801F503-72C6-4C52-A9B0-1C28947334DC}.Authorization|x64.ActiveCfg = Debug|Any CPU
		{F801F503-72C6-4C52-A9B0-1C28947334DC}.Authorization|x64.Build.0 = Debug|Any CPU
		{F801F503-72C6-4C52-A9B0-1C28947334DC}.Authorization|x86.ActiveCfg = Debug|Any CPU
		{F801F503-72C6-4C52-A9B0-1C28947334DC}.Authorization|x86.Build.0 = Debug|Any CPU
		{F801F503-72C6-4C52-A9B0-1C28947334DC}.Debug|Any CPU.ActiveCfg = Debug|Any CPU
		{F801F503-72C6-4C52-A9B0-1C28947334DC}.Debug|Any CPU.Build.0 = Debug|Any CPU
		{F801F503-72C6-4C52-A9B0-1C28947334DC}.Debug|x64.ActiveCfg = Debug|Any CPU
		{F801F503-72C6-4C52-A9B0-1C28947334DC}.Debug|x64.Build.0 = Debug|Any CPU
		{F801F503-72C6-4C52-A9B0-1C28947334DC}.Debug|x86.ActiveCfg = Debug|Any CPU
		{F801F503-72C6-4C52-A9B0-1C28947334DC}.Debug|x86.Build.0 = Debug|Any CPU
		{F801F503-72C6-4C52-A9B0-1C28947334DC}.Developer|Any CPU.ActiveCfg = Debug|Any CPU
		{F801F503-72C6-4C52-A9B0-1C28947334DC}.Developer|Any CPU.Build.0 = Debug|Any CPU
		{F801F503-72C6-4C52-A9B0-1C28947334DC}.Developer|x64.ActiveCfg = Debug|Any CPU
		{F801F503-72C6-4C52-A9B0-1C28947334DC}.Developer|x64.Build.0 = Debug|Any CPU
		{F801F503-72C6-4C52-A9B0-1C28947334DC}.Developer|x86.ActiveCfg = Debug|Any CPU
		{F801F503-72C6-4C52-A9B0-1C28947334DC}.Developer|x86.Build.0 = Debug|Any CPU
		{F801F503-72C6-4C52-A9B0-1C28947334DC}.Embedded|Any CPU.ActiveCfg = Debug|Any CPU
		{F801F503-72C6-4C52-A9B0-1C28947334DC}.Embedded|Any CPU.Build.0 = Debug|Any CPU
		{F801F503-72C6-4C52-A9B0-1C28947334DC}.Embedded|x64.ActiveCfg = Debug|Any CPU
		{F801F503-72C6-4C52-A9B0-1C28947334DC}.Embedded|x64.Build.0 = Debug|Any CPU
		{F801F503-72C6-4C52-A9B0-1C28947334DC}.Embedded|x86.ActiveCfg = Debug|Any CPU
		{F801F503-72C6-4C52-A9B0-1C28947334DC}.Embedded|x86.Build.0 = Debug|Any CPU
		{F801F503-72C6-4C52-A9B0-1C28947334DC}.NoAuthorization|Any CPU.ActiveCfg = Debug|Any CPU
		{F801F503-72C6-4C52-A9B0-1C28947334DC}.NoAuthorization|x64.ActiveCfg = Debug|Any CPU
		{F801F503-72C6-4C52-A9B0-1C28947334DC}.NoAuthorization|x64.Build.0 = Debug|Any CPU
		{F801F503-72C6-4C52-A9B0-1C28947334DC}.NoAuthorization|x86.ActiveCfg = Debug|Any CPU
		{F801F503-72C6-4C52-A9B0-1C28947334DC}.NoAuthorization|x86.Build.0 = Debug|Any CPU
		{F801F503-72C6-4C52-A9B0-1C28947334DC}.Release|Any CPU.ActiveCfg = Release|Any CPU
		{F801F503-72C6-4C52-A9B0-1C28947334DC}.Release|Any CPU.Build.0 = Release|Any CPU
		{F801F503-72C6-4C52-A9B0-1C28947334DC}.Release|x64.ActiveCfg = Release|Any CPU
		{F801F503-72C6-4C52-A9B0-1C28947334DC}.Release|x64.Build.0 = Release|Any CPU
		{F801F503-72C6-4C52-A9B0-1C28947334DC}.Release|x86.ActiveCfg = Release|Any CPU
		{F801F503-72C6-4C52-A9B0-1C28947334DC}.Release|x86.Build.0 = Release|Any CPU
		{F801F503-72C6-4C52-A9B0-1C28947334DC}.ServerNoAuth|Any CPU.ActiveCfg = Debug|Any CPU
		{F801F503-72C6-4C52-A9B0-1C28947334DC}.ServerNoAuth|Any CPU.Build.0 = Debug|Any CPU
		{F801F503-72C6-4C52-A9B0-1C28947334DC}.ServerNoAuth|x64.ActiveCfg = Debug|Any CPU
		{F801F503-72C6-4C52-A9B0-1C28947334DC}.ServerNoAuth|x64.Build.0 = Debug|Any CPU
		{F801F503-72C6-4C52-A9B0-1C28947334DC}.ServerNoAuth|x86.ActiveCfg = Debug|Any CPU
		{F801F503-72C6-4C52-A9B0-1C28947334DC}.ServerNoAuth|x86.Build.0 = Debug|Any CPU
		{85F8C06F-041E-49E9-80A8-E769D0028156}.Authorization|Any CPU.ActiveCfg = Debug|Any CPU
		{85F8C06F-041E-49E9-80A8-E769D0028156}.Authorization|Any CPU.Build.0 = Debug|Any CPU
		{85F8C06F-041E-49E9-80A8-E769D0028156}.Authorization|x64.ActiveCfg = Debug|Any CPU
		{85F8C06F-041E-49E9-80A8-E769D0028156}.Authorization|x64.Build.0 = Debug|Any CPU
		{85F8C06F-041E-49E9-80A8-E769D0028156}.Authorization|x86.ActiveCfg = Debug|Any CPU
		{85F8C06F-041E-49E9-80A8-E769D0028156}.Authorization|x86.Build.0 = Debug|Any CPU
		{85F8C06F-041E-49E9-80A8-E769D0028156}.Debug|Any CPU.ActiveCfg = Debug|Any CPU
		{85F8C06F-041E-49E9-80A8-E769D0028156}.Debug|Any CPU.Build.0 = Debug|Any CPU
		{85F8C06F-041E-49E9-80A8-E769D0028156}.Debug|x64.ActiveCfg = Debug|Any CPU
		{85F8C06F-041E-49E9-80A8-E769D0028156}.Debug|x64.Build.0 = Debug|Any CPU
		{85F8C06F-041E-49E9-80A8-E769D0028156}.Debug|x86.ActiveCfg = Debug|Any CPU
		{85F8C06F-041E-49E9-80A8-E769D0028156}.Debug|x86.Build.0 = Debug|Any CPU
		{85F8C06F-041E-49E9-80A8-E769D0028156}.Developer|Any CPU.ActiveCfg = Debug|Any CPU
		{85F8C06F-041E-49E9-80A8-E769D0028156}.Developer|Any CPU.Build.0 = Debug|Any CPU
		{85F8C06F-041E-49E9-80A8-E769D0028156}.Developer|x64.ActiveCfg = Debug|Any CPU
		{85F8C06F-041E-49E9-80A8-E769D0028156}.Developer|x64.Build.0 = Debug|Any CPU
		{85F8C06F-041E-49E9-80A8-E769D0028156}.Developer|x86.ActiveCfg = Debug|Any CPU
		{85F8C06F-041E-49E9-80A8-E769D0028156}.Developer|x86.Build.0 = Debug|Any CPU
		{85F8C06F-041E-49E9-80A8-E769D0028156}.Embedded|Any CPU.ActiveCfg = Debug|Any CPU
		{85F8C06F-041E-49E9-80A8-E769D0028156}.Embedded|Any CPU.Build.0 = Debug|Any CPU
		{85F8C06F-041E-49E9-80A8-E769D0028156}.Embedded|x64.ActiveCfg = Debug|Any CPU
		{85F8C06F-041E-49E9-80A8-E769D0028156}.Embedded|x64.Build.0 = Debug|Any CPU
		{85F8C06F-041E-49E9-80A8-E769D0028156}.Embedded|x86.ActiveCfg = Debug|Any CPU
		{85F8C06F-041E-49E9-80A8-E769D0028156}.Embedded|x86.Build.0 = Debug|Any CPU
		{85F8C06F-041E-49E9-80A8-E769D0028156}.NoAuthorization|Any CPU.ActiveCfg = Debug|Any CPU
		{85F8C06F-041E-49E9-80A8-E769D0028156}.NoAuthorization|x64.ActiveCfg = Debug|Any CPU
		{85F8C06F-041E-49E9-80A8-E769D0028156}.NoAuthorization|x64.Build.0 = Debug|Any CPU
		{85F8C06F-041E-49E9-80A8-E769D0028156}.NoAuthorization|x86.ActiveCfg = Debug|Any CPU
		{85F8C06F-041E-49E9-80A8-E769D0028156}.NoAuthorization|x86.Build.0 = Debug|Any CPU
		{85F8C06F-041E-49E9-80A8-E769D0028156}.Release|Any CPU.ActiveCfg = Release|Any CPU
		{85F8C06F-041E-49E9-80A8-E769D0028156}.Release|Any CPU.Build.0 = Release|Any CPU
		{85F8C06F-041E-49E9-80A8-E769D0028156}.Release|x64.ActiveCfg = Release|Any CPU
		{85F8C06F-041E-49E9-80A8-E769D0028156}.Release|x64.Build.0 = Release|Any CPU
		{85F8C06F-041E-49E9-80A8-E769D0028156}.Release|x86.ActiveCfg = Release|Any CPU
		{85F8C06F-041E-49E9-80A8-E769D0028156}.Release|x86.Build.0 = Release|Any CPU
		{85F8C06F-041E-49E9-80A8-E769D0028156}.ServerNoAuth|Any CPU.ActiveCfg = Debug|Any CPU
		{85F8C06F-041E-49E9-80A8-E769D0028156}.ServerNoAuth|Any CPU.Build.0 = Debug|Any CPU
		{85F8C06F-041E-49E9-80A8-E769D0028156}.ServerNoAuth|x64.ActiveCfg = Debug|Any CPU
		{85F8C06F-041E-49E9-80A8-E769D0028156}.ServerNoAuth|x64.Build.0 = Debug|Any CPU
		{85F8C06F-041E-49E9-80A8-E769D0028156}.ServerNoAuth|x86.ActiveCfg = Debug|Any CPU
		{85F8C06F-041E-49E9-80A8-E769D0028156}.ServerNoAuth|x86.Build.0 = Debug|Any CPU
		{15E4D1AB-FABC-45CB-AC05-0F13C577722B}.Authorization|Any CPU.ActiveCfg = Debug|Any CPU
		{15E4D1AB-FABC-45CB-AC05-0F13C577722B}.Authorization|Any CPU.Build.0 = Debug|Any CPU
		{15E4D1AB-FABC-45CB-AC05-0F13C577722B}.Authorization|x64.ActiveCfg = Debug|Any CPU
		{15E4D1AB-FABC-45CB-AC05-0F13C577722B}.Authorization|x64.Build.0 = Debug|Any CPU
		{15E4D1AB-FABC-45CB-AC05-0F13C577722B}.Authorization|x86.ActiveCfg = Debug|Any CPU
		{15E4D1AB-FABC-45CB-AC05-0F13C577722B}.Authorization|x86.Build.0 = Debug|Any CPU
		{15E4D1AB-FABC-45CB-AC05-0F13C577722B}.Debug|Any CPU.ActiveCfg = Debug|Any CPU
		{15E4D1AB-FABC-45CB-AC05-0F13C577722B}.Debug|Any CPU.Build.0 = Debug|Any CPU
		{15E4D1AB-FABC-45CB-AC05-0F13C577722B}.Debug|x64.ActiveCfg = Debug|Any CPU
		{15E4D1AB-FABC-45CB-AC05-0F13C577722B}.Debug|x64.Build.0 = Debug|Any CPU
		{15E4D1AB-FABC-45CB-AC05-0F13C577722B}.Debug|x86.ActiveCfg = Debug|Any CPU
		{15E4D1AB-FABC-45CB-AC05-0F13C577722B}.Debug|x86.Build.0 = Debug|Any CPU
		{15E4D1AB-FABC-45CB-AC05-0F13C577722B}.Developer|Any CPU.ActiveCfg = Debug|Any CPU
		{15E4D1AB-FABC-45CB-AC05-0F13C577722B}.Developer|Any CPU.Build.0 = Debug|Any CPU
		{15E4D1AB-FABC-45CB-AC05-0F13C577722B}.Developer|x64.ActiveCfg = Debug|Any CPU
		{15E4D1AB-FABC-45CB-AC05-0F13C577722B}.Developer|x64.Build.0 = Debug|Any CPU
		{15E4D1AB-FABC-45CB-AC05-0F13C577722B}.Developer|x86.ActiveCfg = Debug|Any CPU
		{15E4D1AB-FABC-45CB-AC05-0F13C577722B}.Developer|x86.Build.0 = Debug|Any CPU
		{15E4D1AB-FABC-45CB-AC05-0F13C577722B}.Embedded|Any CPU.ActiveCfg = Debug|Any CPU
		{15E4D1AB-FABC-45CB-AC05-0F13C577722B}.Embedded|Any CPU.Build.0 = Debug|Any CPU
		{15E4D1AB-FABC-45CB-AC05-0F13C577722B}.Embedded|x64.ActiveCfg = Debug|Any CPU
		{15E4D1AB-FABC-45CB-AC05-0F13C577722B}.Embedded|x64.Build.0 = Debug|Any CPU
		{15E4D1AB-FABC-45CB-AC05-0F13C577722B}.Embedded|x86.ActiveCfg = Debug|Any CPU
		{15E4D1AB-FABC-45CB-AC05-0F13C577722B}.Embedded|x86.Build.0 = Debug|Any CPU
		{15E4D1AB-FABC-45CB-AC05-0F13C577722B}.NoAuthorization|Any CPU.ActiveCfg = Debug|Any CPU
		{15E4D1AB-FABC-45CB-AC05-0F13C577722B}.NoAuthorization|Any CPU.Build.0 = Debug|Any CPU
		{15E4D1AB-FABC-45CB-AC05-0F13C577722B}.NoAuthorization|x64.ActiveCfg = Debug|Any CPU
		{15E4D1AB-FABC-45CB-AC05-0F13C577722B}.NoAuthorization|x64.Build.0 = Debug|Any CPU
		{15E4D1AB-FABC-45CB-AC05-0F13C577722B}.NoAuthorization|x86.ActiveCfg = Debug|Any CPU
		{15E4D1AB-FABC-45CB-AC05-0F13C577722B}.NoAuthorization|x86.Build.0 = Debug|Any CPU
		{15E4D1AB-FABC-45CB-AC05-0F13C577722B}.Release|Any CPU.ActiveCfg = Release|Any CPU
		{15E4D1AB-FABC-45CB-AC05-0F13C577722B}.Release|Any CPU.Build.0 = Release|Any CPU
		{15E4D1AB-FABC-45CB-AC05-0F13C577722B}.Release|x64.ActiveCfg = Release|Any CPU
		{15E4D1AB-FABC-45CB-AC05-0F13C577722B}.Release|x64.Build.0 = Release|Any CPU
		{15E4D1AB-FABC-45CB-AC05-0F13C577722B}.Release|x86.ActiveCfg = Release|Any CPU
		{15E4D1AB-FABC-45CB-AC05-0F13C577722B}.Release|x86.Build.0 = Release|Any CPU
		{15E4D1AB-FABC-45CB-AC05-0F13C577722B}.ServerNoAuth|Any CPU.ActiveCfg = Debug|Any CPU
		{15E4D1AB-FABC-45CB-AC05-0F13C577722B}.ServerNoAuth|Any CPU.Build.0 = Debug|Any CPU
		{15E4D1AB-FABC-45CB-AC05-0F13C577722B}.ServerNoAuth|x64.ActiveCfg = Debug|Any CPU
		{15E4D1AB-FABC-45CB-AC05-0F13C577722B}.ServerNoAuth|x64.Build.0 = Debug|Any CPU
		{15E4D1AB-FABC-45CB-AC05-0F13C577722B}.ServerNoAuth|x86.ActiveCfg = Debug|Any CPU
		{15E4D1AB-FABC-45CB-AC05-0F13C577722B}.ServerNoAuth|x86.Build.0 = Debug|Any CPU
	EndGlobalSection
	GlobalSection(SolutionProperties) = preSolution
		HideSolutionNode = FALSE
	EndGlobalSection
	GlobalSection(NestedProjects) = preSolution
		{AA110533-9A33-4884-B006-73742762B0F5} = {6A79DAD3-9AEF-47C3-9BF4-BF27365F3BF0}
		{BA890C82-9117-4554-864D-BE55C4B0564A} = {6A79DAD3-9AEF-47C3-9BF4-BF27365F3BF0}
		{17D4D295-890F-412B-A137-24E19BF8E430} = {6A79DAD3-9AEF-47C3-9BF4-BF27365F3BF0}
		{828D3EF0-391F-41B8-BB94-4055EA74CC10} = {6A79DAD3-9AEF-47C3-9BF4-BF27365F3BF0}
		{F1CC0C20-31D5-4011-863E-5139B979C75A} = {6A79DAD3-9AEF-47C3-9BF4-BF27365F3BF0}
		{37A39288-E6C1-4294-9E1C-4B11ABAF9CF3} = {48F15A61-E458-4F4B-A64E-6F0B5F38DB2F}
		{F801F503-72C6-4C52-A9B0-1C28947334DC} = {6A79DAD3-9AEF-47C3-9BF4-BF27365F3BF0}
		{85F8C06F-041E-49E9-80A8-E769D0028156} = {6A79DAD3-9AEF-47C3-9BF4-BF27365F3BF0}
		{15E4D1AB-FABC-45CB-AC05-0F13C577722B} = {6A79DAD3-9AEF-47C3-9BF4-BF27365F3BF0}
	EndGlobalSection
	GlobalSection(ExtensibilityGlobals) = postSolution
		SolutionGuid = {27582E6D-A662-4DF3-834C-74D0A94025A1}
	EndGlobalSection
EndGlobal
