
Microsoft Visual Studio Solution File, Format Version 12.00
# Visual Studio Version 17
VisualStudioVersion = 17.0.31606.5
MinimumVisualStudioVersion = 10.0.40219.1
Project("{2150E333-8FDC-42A3-9474-1A3956D46DE8}") = "test", "test", "{48F15A61-E458-4F4B-A64E-6F0B5F38DB2F}"
EndProject
Project("{2150E333-8FDC-42A3-9474-1A3956D46DE8}") = "src", "src", "{6A79DAD3-9AEF-47C3-9BF4-BF27365F3BF0}"
EndProject
Project("{9A19103F-16F7-4668-BE54-9A1E7A4F7556}") = "RemoteBlazorWebView.Wpf", "src\RemoteBlazorWebView.Wpf\RemoteBlazorWebView.Wpf.csproj", "{AA110533-9A33-4884-B006-73742762B0F5}"
EndProject
Project("{2150E333-8FDC-42A3-9474-1A3956D46DE8}") = "Solution Items", "Solution Items", "{D05DB932-B305-40C7-968A-19F814FD7F2A}"
	ProjectSection(SolutionItems) = preProject
		azure-pipelines.yml = azure-pipelines.yml
		Directory.Build.props = Directory.Build.props
		README.md = README.md
		README.txt = README.txt
		Release.md = Release.md
		ReleaseNotes.txt = ReleaseNotes.txt
		RunTests.ps1 = RunTests.ps1
	EndProjectSection
EndProject
Project("{9A19103F-16F7-4668-BE54-9A1E7A4F7556}") = "WebdriverTestProject", "testassets\NUnitTestProject\WebdriverTestProject.csproj", "{02C920DB-F97B-47A8-9220-2BD38CB1FDDE}"
EndProject
Project("{9A19103F-16F7-4668-BE54-9A1E7A4F7556}") = "RemoteWebView.Blazor.JS", "src\RemoteWebView.Blazor.JS\RemoteWebView.Blazor.JS.csproj", "{BA890C82-9117-4554-864D-BE55C4B0564A}"
EndProject
Project("{9A19103F-16F7-4668-BE54-9A1E7A4F7556}") = "RemoteBlazorWebView.WindowsForms", "src\RemoteBlazorWebView.WinForms\RemoteBlazorWebView.WindowsForms.csproj", "{17D4D295-890F-412B-A137-24E19BF8E430}"
EndProject
Project("{9A19103F-16F7-4668-BE54-9A1E7A4F7556}") = "RemoteWebView", "src\RemoteWebView\RemoteWebView.csproj", "{828D3EF0-391F-41B8-BB94-4055EA74CC10}"
EndProject
Project("{9A19103F-16F7-4668-BE54-9A1E7A4F7556}") = "RemoteWebViewService", "src\RemoteWebViewService\RemoteWebViewService.csproj", "{F1CC0C20-31D5-4011-863E-5139B979C75A}"
EndProject
Global
	GlobalSection(SolutionConfigurationPlatforms) = preSolution
		Authorization|Any CPU = Authorization|Any CPU
		Authorization|x64 = Authorization|x64
		Authorization|x86 = Authorization|x86
		Debug|Any CPU = Debug|Any CPU
		Debug|x64 = Debug|x64
		Debug|x86 = Debug|x86
		Embedded|Any CPU = Embedded|Any CPU
		Embedded|x64 = Embedded|x64
		Embedded|x86 = Embedded|x86
		NoAuthorization|Any CPU = NoAuthorization|Any CPU
		NoAuthorization|x64 = NoAuthorization|x64
		NoAuthorization|x86 = NoAuthorization|x86
		Release|Any CPU = Release|Any CPU
		Release|x64 = Release|x64
		Release|x86 = Release|x86
	EndGlobalSection
	GlobalSection(ProjectConfigurationPlatforms) = postSolution
		{AA110533-9A33-4884-B006-73742762B0F5}.Authorization|Any CPU.ActiveCfg = Release|Any CPU
		{AA110533-9A33-4884-B006-73742762B0F5}.Authorization|x64.ActiveCfg = Debug|x64
		{AA110533-9A33-4884-B006-73742762B0F5}.Authorization|x64.Build.0 = Debug|x64
		{AA110533-9A33-4884-B006-73742762B0F5}.Authorization|x86.ActiveCfg = Authorization|Any CPU
		{AA110533-9A33-4884-B006-73742762B0F5}.Authorization|x86.Build.0 = Authorization|Any CPU
		{AA110533-9A33-4884-B006-73742762B0F5}.Debug|Any CPU.ActiveCfg = Debug|x64
		{AA110533-9A33-4884-B006-73742762B0F5}.Debug|Any CPU.Build.0 = Debug|x64
		{AA110533-9A33-4884-B006-73742762B0F5}.Debug|x64.ActiveCfg = Debug|x64
		{AA110533-9A33-4884-B006-73742762B0F5}.Debug|x64.Build.0 = Debug|x64
		{AA110533-9A33-4884-B006-73742762B0F5}.Debug|x86.ActiveCfg = Debug|Any CPU
		{AA110533-9A33-4884-B006-73742762B0F5}.Debug|x86.Build.0 = Debug|Any CPU
		{AA110533-9A33-4884-B006-73742762B0F5}.Embedded|Any CPU.ActiveCfg = Embedded|Any CPU
		{AA110533-9A33-4884-B006-73742762B0F5}.Embedded|Any CPU.Build.0 = Embedded|Any CPU
		{AA110533-9A33-4884-B006-73742762B0F5}.Embedded|x64.ActiveCfg = Embedded|x64
		{AA110533-9A33-4884-B006-73742762B0F5}.Embedded|x64.Build.0 = Embedded|x64
		{AA110533-9A33-4884-B006-73742762B0F5}.Embedded|x86.ActiveCfg = Embedded|Any CPU
		{AA110533-9A33-4884-B006-73742762B0F5}.Embedded|x86.Build.0 = Embedded|Any CPU
		{AA110533-9A33-4884-B006-73742762B0F5}.NoAuthorization|Any CPU.ActiveCfg = NoAuthorization|Any CPU
		{AA110533-9A33-4884-B006-73742762B0F5}.NoAuthorization|x64.ActiveCfg = NoAuthorization|x64
		{AA110533-9A33-4884-B006-73742762B0F5}.NoAuthorization|x86.ActiveCfg = NoAuthorization|Any CPU
		{AA110533-9A33-4884-B006-73742762B0F5}.NoAuthorization|x86.Build.0 = NoAuthorization|Any CPU
		{AA110533-9A33-4884-B006-73742762B0F5}.Release|Any CPU.ActiveCfg = Release|x64
		{AA110533-9A33-4884-B006-73742762B0F5}.Release|Any CPU.Build.0 = Release|x64
		{AA110533-9A33-4884-B006-73742762B0F5}.Release|x64.ActiveCfg = Release|x64
		{AA110533-9A33-4884-B006-73742762B0F5}.Release|x64.Build.0 = Release|x64
		{AA110533-9A33-4884-B006-73742762B0F5}.Release|x86.ActiveCfg = Release|Any CPU
		{AA110533-9A33-4884-B006-73742762B0F5}.Release|x86.Build.0 = Release|Any CPU
		{02C920DB-F97B-47A8-9220-2BD38CB1FDDE}.Authorization|Any CPU.ActiveCfg = Release|Any CPU
		{02C920DB-F97B-47A8-9220-2BD38CB1FDDE}.Authorization|x64.ActiveCfg = Debug|Any CPU
		{02C920DB-F97B-47A8-9220-2BD38CB1FDDE}.Authorization|x64.Build.0 = Debug|Any CPU
		{02C920DB-F97B-47A8-9220-2BD38CB1FDDE}.Authorization|x86.ActiveCfg = ServerNoAuth|Any CPU
		{02C920DB-F97B-47A8-9220-2BD38CB1FDDE}.Authorization|x86.Build.0 = ServerNoAuth|Any CPU
		{02C920DB-F97B-47A8-9220-2BD38CB1FDDE}.Debug|Any CPU.ActiveCfg = Debug|Any CPU
		{02C920DB-F97B-47A8-9220-2BD38CB1FDDE}.Debug|Any CPU.Build.0 = Debug|Any CPU
		{02C920DB-F97B-47A8-9220-2BD38CB1FDDE}.Debug|x64.ActiveCfg = Debug|Any CPU
		{02C920DB-F97B-47A8-9220-2BD38CB1FDDE}.Debug|x64.Build.0 = Debug|Any CPU
		{02C920DB-F97B-47A8-9220-2BD38CB1FDDE}.Debug|x86.ActiveCfg = Debug|Any CPU
		{02C920DB-F97B-47A8-9220-2BD38CB1FDDE}.Debug|x86.Build.0 = Debug|Any CPU
		{02C920DB-F97B-47A8-9220-2BD38CB1FDDE}.Embedded|Any CPU.ActiveCfg = Embedded|Any CPU
		{02C920DB-F97B-47A8-9220-2BD38CB1FDDE}.Embedded|Any CPU.Build.0 = Embedded|Any CPU
		{02C920DB-F97B-47A8-9220-2BD38CB1FDDE}.Embedded|x64.ActiveCfg = Embedded|Any CPU
		{02C920DB-F97B-47A8-9220-2BD38CB1FDDE}.Embedded|x86.ActiveCfg = Embedded|Any CPU
		{02C920DB-F97B-47A8-9220-2BD38CB1FDDE}.Embedded|x86.Build.0 = Embedded|Any CPU
		{02C920DB-F97B-47A8-9220-2BD38CB1FDDE}.NoAuthorization|Any CPU.ActiveCfg = NoAuthorization|Any CPU
		{02C920DB-F97B-47A8-9220-2BD38CB1FDDE}.NoAuthorization|x64.ActiveCfg = NoAuthorization|Any CPU
		{02C920DB-F97B-47A8-9220-2BD38CB1FDDE}.NoAuthorization|x86.ActiveCfg = NoAuthorization|Any CPU
		{02C920DB-F97B-47A8-9220-2BD38CB1FDDE}.NoAuthorization|x86.Build.0 = NoAuthorization|Any CPU
		{02C920DB-F97B-47A8-9220-2BD38CB1FDDE}.Release|Any CPU.ActiveCfg = Release|Any CPU
		{02C920DB-F97B-47A8-9220-2BD38CB1FDDE}.Release|Any CPU.Build.0 = Release|Any CPU
		{02C920DB-F97B-47A8-9220-2BD38CB1FDDE}.Release|x64.ActiveCfg = Release|Any CPU
		{02C920DB-F97B-47A8-9220-2BD38CB1FDDE}.Release|x64.Build.0 = Release|Any CPU
		{02C920DB-F97B-47A8-9220-2BD38CB1FDDE}.Release|x86.ActiveCfg = Release|Any CPU
		{02C920DB-F97B-47A8-9220-2BD38CB1FDDE}.Release|x86.Build.0 = Release|Any CPU
		{BA890C82-9117-4554-864D-BE55C4B0564A}.Authorization|Any CPU.ActiveCfg = Debug|Any CPU
		{BA890C82-9117-4554-864D-BE55C4B0564A}.Authorization|Any CPU.Build.0 = Debug|Any CPU
		{BA890C82-9117-4554-864D-BE55C4B0564A}.Authorization|x64.ActiveCfg = Debug|Any CPU
		{BA890C82-9117-4554-864D-BE55C4B0564A}.Authorization|x64.Build.0 = Debug|Any CPU
		{BA890C82-9117-4554-864D-BE55C4B0564A}.Authorization|x86.ActiveCfg = Debug|Any CPU
		{BA890C82-9117-4554-864D-BE55C4B0564A}.Authorization|x86.Build.0 = Debug|Any CPU
		{BA890C82-9117-4554-864D-BE55C4B0564A}.Debug|Any CPU.ActiveCfg = Debug|Any CPU
		{BA890C82-9117-4554-864D-BE55C4B0564A}.Debug|Any CPU.Build.0 = Debug|Any CPU
		{BA890C82-9117-4554-864D-BE55C4B0564A}.Debug|x64.ActiveCfg = Debug|Any CPU
		{BA890C82-9117-4554-864D-BE55C4B0564A}.Debug|x64.Build.0 = Debug|Any CPU
		{BA890C82-9117-4554-864D-BE55C4B0564A}.Debug|x86.ActiveCfg = Debug|Any CPU
		{BA890C82-9117-4554-864D-BE55C4B0564A}.Debug|x86.Build.0 = Debug|Any CPU
		{BA890C82-9117-4554-864D-BE55C4B0564A}.Embedded|Any CPU.ActiveCfg = Embedded|Any CPU
		{BA890C82-9117-4554-864D-BE55C4B0564A}.Embedded|Any CPU.Build.0 = Embedded|Any CPU
		{BA890C82-9117-4554-864D-BE55C4B0564A}.Embedded|x64.ActiveCfg = Embedded|Any CPU
		{BA890C82-9117-4554-864D-BE55C4B0564A}.Embedded|x64.Build.0 = Embedded|Any CPU
		{BA890C82-9117-4554-864D-BE55C4B0564A}.Embedded|x86.ActiveCfg = Embedded|Any CPU
		{BA890C82-9117-4554-864D-BE55C4B0564A}.Embedded|x86.Build.0 = Embedded|Any CPU
		{BA890C82-9117-4554-864D-BE55C4B0564A}.NoAuthorization|Any CPU.ActiveCfg = Release|Any CPU
		{BA890C82-9117-4554-864D-BE55C4B0564A}.NoAuthorization|x64.ActiveCfg = Release|Any CPU
		{BA890C82-9117-4554-864D-BE55C4B0564A}.NoAuthorization|x86.ActiveCfg = Release|Any CPU
		{BA890C82-9117-4554-864D-BE55C4B0564A}.Release|Any CPU.ActiveCfg = Release|Any CPU
		{BA890C82-9117-4554-864D-BE55C4B0564A}.Release|Any CPU.Build.0 = Release|Any CPU
		{BA890C82-9117-4554-864D-BE55C4B0564A}.Release|x64.ActiveCfg = Release|Any CPU
		{BA890C82-9117-4554-864D-BE55C4B0564A}.Release|x64.Build.0 = Release|Any CPU
		{BA890C82-9117-4554-864D-BE55C4B0564A}.Release|x86.ActiveCfg = Release|Any CPU
		{BA890C82-9117-4554-864D-BE55C4B0564A}.Release|x86.Build.0 = Release|Any CPU
		{17D4D295-890F-412B-A137-24E19BF8E430}.Authorization|Any CPU.ActiveCfg = Debug|Any CPU
		{17D4D295-890F-412B-A137-24E19BF8E430}.Authorization|Any CPU.Build.0 = Debug|Any CPU
		{17D4D295-890F-412B-A137-24E19BF8E430}.Authorization|x64.ActiveCfg = Debug|x64
		{17D4D295-890F-412B-A137-24E19BF8E430}.Authorization|x64.Build.0 = Debug|x64
		{17D4D295-890F-412B-A137-24E19BF8E430}.Authorization|x86.ActiveCfg = Debug|Any CPU
		{17D4D295-890F-412B-A137-24E19BF8E430}.Authorization|x86.Build.0 = Debug|Any CPU
		{17D4D295-890F-412B-A137-24E19BF8E430}.Debug|Any CPU.ActiveCfg = Debug|x64
		{17D4D295-890F-412B-A137-24E19BF8E430}.Debug|Any CPU.Build.0 = Debug|x64
		{17D4D295-890F-412B-A137-24E19BF8E430}.Debug|x64.ActiveCfg = Debug|x64
		{17D4D295-890F-412B-A137-24E19BF8E430}.Debug|x64.Build.0 = Debug|x64
		{17D4D295-890F-412B-A137-24E19BF8E430}.Debug|x86.ActiveCfg = Debug|Any CPU
		{17D4D295-890F-412B-A137-24E19BF8E430}.Debug|x86.Build.0 = Debug|Any CPU
		{17D4D295-890F-412B-A137-24E19BF8E430}.Embedded|Any CPU.ActiveCfg = Embedded|Any CPU
		{17D4D295-890F-412B-A137-24E19BF8E430}.Embedded|Any CPU.Build.0 = Embedded|Any CPU
		{17D4D295-890F-412B-A137-24E19BF8E430}.Embedded|x64.ActiveCfg = Embedded|x64
		{17D4D295-890F-412B-A137-24E19BF8E430}.Embedded|x64.Build.0 = Embedded|x64
		{17D4D295-890F-412B-A137-24E19BF8E430}.Embedded|x86.ActiveCfg = Embedded|Any CPU
		{17D4D295-890F-412B-A137-24E19BF8E430}.Embedded|x86.Build.0 = Embedded|Any CPU
		{17D4D295-890F-412B-A137-24E19BF8E430}.NoAuthorization|Any CPU.ActiveCfg = NoAuthorization|Any CPU
		{17D4D295-890F-412B-A137-24E19BF8E430}.NoAuthorization|x64.ActiveCfg = NoAuthorization|x64
		{17D4D295-890F-412B-A137-24E19BF8E430}.NoAuthorization|x86.ActiveCfg = NoAuthorization|Any CPU
		{17D4D295-890F-412B-A137-24E19BF8E430}.NoAuthorization|x86.Build.0 = NoAuthorization|Any CPU
		{17D4D295-890F-412B-A137-24E19BF8E430}.Release|Any CPU.ActiveCfg = Release|x64
		{17D4D295-890F-412B-A137-24E19BF8E430}.Release|Any CPU.Build.0 = Release|x64
		{17D4D295-890F-412B-A137-24E19BF8E430}.Release|x64.ActiveCfg = Release|x64
		{17D4D295-890F-412B-A137-24E19BF8E430}.Release|x64.Build.0 = Release|x64
		{17D4D295-890F-412B-A137-24E19BF8E430}.Release|x86.ActiveCfg = Release|Any CPU
		{17D4D295-890F-412B-A137-24E19BF8E430}.Release|x86.Build.0 = Release|Any CPU
		{828D3EF0-391F-41B8-BB94-4055EA74CC10}.Authorization|Any CPU.ActiveCfg = Debug|x64
		{828D3EF0-391F-41B8-BB94-4055EA74CC10}.Authorization|Any CPU.Build.0 = Debug|x64
		{828D3EF0-391F-41B8-BB94-4055EA74CC10}.Authorization|x64.ActiveCfg = NoAuthorization|x64
		{828D3EF0-391F-41B8-BB94-4055EA74CC10}.Authorization|x64.Build.0 = NoAuthorization|x64
		{828D3EF0-391F-41B8-BB94-4055EA74CC10}.Authorization|x86.ActiveCfg = Debug|x64
		{828D3EF0-391F-41B8-BB94-4055EA74CC10}.Authorization|x86.Build.0 = Debug|x64
		{828D3EF0-391F-41B8-BB94-4055EA74CC10}.Debug|Any CPU.ActiveCfg = Debug|x64
		{828D3EF0-391F-41B8-BB94-4055EA74CC10}.Debug|x64.ActiveCfg = Debug|x64
		{828D3EF0-391F-41B8-BB94-4055EA74CC10}.Debug|x64.Build.0 = Debug|x64
		{828D3EF0-391F-41B8-BB94-4055EA74CC10}.Debug|x86.ActiveCfg = Debug|x64
		{828D3EF0-391F-41B8-BB94-4055EA74CC10}.Embedded|Any CPU.ActiveCfg = Embedded|x64
		{828D3EF0-391F-41B8-BB94-4055EA74CC10}.Embedded|x64.ActiveCfg = Embedded|x64
		{828D3EF0-391F-41B8-BB94-4055EA74CC10}.Embedded|x64.Build.0 = Embedded|x64
		{828D3EF0-391F-41B8-BB94-4055EA74CC10}.Embedded|x86.ActiveCfg = Embedded|x64
		{828D3EF0-391F-41B8-BB94-4055EA74CC10}.NoAuthorization|Any CPU.ActiveCfg = NoAuthorization|x64
		{828D3EF0-391F-41B8-BB94-4055EA74CC10}.NoAuthorization|x64.ActiveCfg = NoAuthorization|x64
		{828D3EF0-391F-41B8-BB94-4055EA74CC10}.NoAuthorization|x86.ActiveCfg = NoAuthorization|x64
		{828D3EF0-391F-41B8-BB94-4055EA74CC10}.Release|Any CPU.ActiveCfg = Release|x64
		{828D3EF0-391F-41B8-BB94-4055EA74CC10}.Release|x64.ActiveCfg = Release|x64
		{828D3EF0-391F-41B8-BB94-4055EA74CC10}.Release|x64.Build.0 = Release|x64
		{828D3EF0-391F-41B8-BB94-4055EA74CC10}.Release|x86.ActiveCfg = Release|x64
		{F1CC0C20-31D5-4011-863E-5139B979C75A}.Authorization|Any CPU.ActiveCfg = Authorization|x64
		{F1CC0C20-31D5-4011-863E-5139B979C75A}.Authorization|x64.ActiveCfg = Authorization|x64
		{F1CC0C20-31D5-4011-863E-5139B979C75A}.Authorization|x64.Build.0 = Authorization|x64
		{F1CC0C20-31D5-4011-863E-5139B979C75A}.Authorization|x86.ActiveCfg = Authorization|x64
		{F1CC0C20-31D5-4011-863E-5139B979C75A}.Debug|Any CPU.ActiveCfg = Debug|x64
		{F1CC0C20-31D5-4011-863E-5139B979C75A}.Debug|x64.ActiveCfg = Debug|x64
		{F1CC0C20-31D5-4011-863E-5139B979C75A}.Debug|x64.Build.0 = Debug|x64
		{F1CC0C20-31D5-4011-863E-5139B979C75A}.Debug|x86.ActiveCfg = Debug|x64
		{F1CC0C20-31D5-4011-863E-5139B979C75A}.Embedded|Any CPU.ActiveCfg = Debug|x64
		{F1CC0C20-31D5-4011-863E-5139B979C75A}.Embedded|Any CPU.Build.0 = Debug|x64
		{F1CC0C20-31D5-4011-863E-5139B979C75A}.Embedded|x64.ActiveCfg = Debug|x64
		{F1CC0C20-31D5-4011-863E-5139B979C75A}.Embedded|x64.Build.0 = Debug|x64
		{F1CC0C20-31D5-4011-863E-5139B979C75A}.Embedded|x86.ActiveCfg = Debug|x64
		{F1CC0C20-31D5-4011-863E-5139B979C75A}.Embedded|x86.Build.0 = Debug|x64
		{F1CC0C20-31D5-4011-863E-5139B979C75A}.NoAuthorization|Any CPU.ActiveCfg = NoAuthorization|x64
		{F1CC0C20-31D5-4011-863E-5139B979C75A}.NoAuthorization|x64.ActiveCfg = NoAuthorization|x64
		{F1CC0C20-31D5-4011-863E-5139B979C75A}.NoAuthorization|x64.Build.0 = NoAuthorization|x64
		{F1CC0C20-31D5-4011-863E-5139B979C75A}.NoAuthorization|x86.ActiveCfg = NoAuthorization|x64
		{F1CC0C20-31D5-4011-863E-5139B979C75A}.Release|Any CPU.ActiveCfg = Release|x64
		{F1CC0C20-31D5-4011-863E-5139B979C75A}.Release|x64.ActiveCfg = Release|x64
		{F1CC0C20-31D5-4011-863E-5139B979C75A}.Release|x64.Build.0 = Release|x64
		{F1CC0C20-31D5-4011-863E-5139B979C75A}.Release|x86.ActiveCfg = Release|x64
	EndGlobalSection
	GlobalSection(SolutionProperties) = preSolution
		HideSolutionNode = FALSE
	EndGlobalSection
	GlobalSection(NestedProjects) = preSolution
		{AA110533-9A33-4884-B006-73742762B0F5} = {6A79DAD3-9AEF-47C3-9BF4-BF27365F3BF0}
		{02C920DB-F97B-47A8-9220-2BD38CB1FDDE} = {48F15A61-E458-4F4B-A64E-6F0B5F38DB2F}
		{BA890C82-9117-4554-864D-BE55C4B0564A} = {6A79DAD3-9AEF-47C3-9BF4-BF27365F3BF0}
		{17D4D295-890F-412B-A137-24E19BF8E430} = {6A79DAD3-9AEF-47C3-9BF4-BF27365F3BF0}
	EndGlobalSection
	GlobalSection(ExtensibilityGlobals) = postSolution
		SolutionGuid = {27582E6D-A662-4DF3-834C-74D0A94025A1}
	EndGlobalSection
EndGlobal
