
Microsoft Visual Studio Solution File, Format Version 12.00
# Visual Studio Version 16
VisualStudioVersion = 16.0.29319.158
MinimumVisualStudioVersion = 10.0.40219.1
Project("{2150E333-8FDC-42A3-9474-1A3956D46DE8}") = "testassets", "testassets", "{48F15A61-E458-4F4B-A64E-6F0B5F38DB2F}"
EndProject
Project("{9A19103F-16F7-4668-BE54-9A1E7A4F7556}") = "HelloWorldApp", "testassets\HelloWorldApp\HelloWorldApp.csproj", "{9FB96A16-5712-4425-87A8-3C08DAFB77ED}"
EndProject
Project("{2150E333-8FDC-42A3-9474-1A3956D46DE8}") = "src", "src", "{6A79DAD3-9AEF-47C3-9BF4-BF27365F3BF0}"
EndProject
Project("{9A19103F-16F7-4668-BE54-9A1E7A4F7556}") = "MyBlazorApp", "testassets\MyBlazorApp\MyBlazorApp.csproj", "{137004F2-5986-4593-BD5E-A8980A6B6A0B}"
EndProject
Project("{9A19103F-16F7-4668-BE54-9A1E7A4F7556}") = "RemoteableWebWindowService", "src\RemoteableWebWindowService\RemoteableWebWindowService.csproj", "{3FFDC421-5BC7-4361-8625-2D807B59194B}"
EndProject
Project("{9A19103F-16F7-4668-BE54-9A1E7A4F7556}") = "MyRemoteBlazorApp", "testassets\MyRemoteBlazorApp\MyRemoteBlazorApp.csproj", "{62173F84-A580-4ABD-AFAA-584FD37868D3}"
EndProject
Project("{9A19103F-16F7-4668-BE54-9A1E7A4F7556}") = "RemotableWebWindow", "src\RemotableWebWindow\RemotableWebWindow.csproj", "{E815B201-58FD-4A65-A74F-688844BE7427}"
EndProject
Project("{9A19103F-16F7-4668-BE54-9A1E7A4F7556}") = "RemoteHelloWorldApp", "testassets\RemoteHelloWorldApp\RemoteHelloWorldApp.csproj", "{87513D00-4622-4E12-9F00-D7D6EA4853EE}"
EndProject
Project("{9A19103F-16F7-4668-BE54-9A1E7A4F7556}") = "PeakSwc.StaticFiles", "src\StaticFiles\src\PeakSwc.StaticFiles.csproj", "{310F9564-831E-4381-A8E3-B800E3C30627}"
EndProject
Project("{9A19103F-16F7-4668-BE54-9A1E7A4F7556}") = "RemoteWebWindow.Blazor.JS", "src\RemoteWebWindow.Blazor.JS\RemoteWebWindow.Blazor.JS.csproj", "{E99BABF3-EEAD-4118-8D77-C0B796F92924}"
EndProject
Project("{9A19103F-16F7-4668-BE54-9A1E7A4F7556}") = "MyRemoteBlazorAppCopy", "testassets\MyRemoteBlazorApp - Copy\MyRemoteBlazorAppCopy.csproj", "{396D7390-9509-4804-B791-AA31284AE147}"
EndProject
Global
	GlobalSection(SolutionConfigurationPlatforms) = preSolution
		Debug|Any CPU = Debug|Any CPU
		Debug|x64 = Debug|x64
		Debug|x86 = Debug|x86
		Release|Any CPU = Release|Any CPU
		Release|x64 = Release|x64
		Release|x86 = Release|x86
	EndGlobalSection
	GlobalSection(ProjectConfigurationPlatforms) = postSolution
		{9FB96A16-5712-4425-87A8-3C08DAFB77ED}.Debug|Any CPU.ActiveCfg = Debug|Any CPU
		{9FB96A16-5712-4425-87A8-3C08DAFB77ED}.Debug|Any CPU.Build.0 = Debug|Any CPU
		{9FB96A16-5712-4425-87A8-3C08DAFB77ED}.Debug|x64.ActiveCfg = Debug|Any CPU
		{9FB96A16-5712-4425-87A8-3C08DAFB77ED}.Debug|x64.Build.0 = Debug|Any CPU
		{9FB96A16-5712-4425-87A8-3C08DAFB77ED}.Debug|x86.ActiveCfg = Debug|Any CPU
		{9FB96A16-5712-4425-87A8-3C08DAFB77ED}.Debug|x86.Build.0 = Debug|Any CPU
		{9FB96A16-5712-4425-87A8-3C08DAFB77ED}.Release|Any CPU.ActiveCfg = Release|Any CPU
		{9FB96A16-5712-4425-87A8-3C08DAFB77ED}.Release|Any CPU.Build.0 = Release|Any CPU
		{9FB96A16-5712-4425-87A8-3C08DAFB77ED}.Release|x64.ActiveCfg = Release|Any CPU
		{9FB96A16-5712-4425-87A8-3C08DAFB77ED}.Release|x64.Build.0 = Release|Any CPU
		{9FB96A16-5712-4425-87A8-3C08DAFB77ED}.Release|x86.ActiveCfg = Release|Any CPU
		{9FB96A16-5712-4425-87A8-3C08DAFB77ED}.Release|x86.Build.0 = Release|Any CPU
		{137004F2-5986-4593-BD5E-A8980A6B6A0B}.Debug|Any CPU.ActiveCfg = Debug|Any CPU
		{137004F2-5986-4593-BD5E-A8980A6B6A0B}.Debug|Any CPU.Build.0 = Debug|Any CPU
		{137004F2-5986-4593-BD5E-A8980A6B6A0B}.Debug|x64.ActiveCfg = Debug|Any CPU
		{137004F2-5986-4593-BD5E-A8980A6B6A0B}.Debug|x64.Build.0 = Debug|Any CPU
		{137004F2-5986-4593-BD5E-A8980A6B6A0B}.Debug|x86.ActiveCfg = Debug|Any CPU
		{137004F2-5986-4593-BD5E-A8980A6B6A0B}.Debug|x86.Build.0 = Debug|Any CPU
		{137004F2-5986-4593-BD5E-A8980A6B6A0B}.Release|Any CPU.ActiveCfg = Release|Any CPU
		{137004F2-5986-4593-BD5E-A8980A6B6A0B}.Release|Any CPU.Build.0 = Release|Any CPU
		{137004F2-5986-4593-BD5E-A8980A6B6A0B}.Release|x64.ActiveCfg = Release|Any CPU
		{137004F2-5986-4593-BD5E-A8980A6B6A0B}.Release|x64.Build.0 = Release|Any CPU
		{137004F2-5986-4593-BD5E-A8980A6B6A0B}.Release|x86.ActiveCfg = Release|Any CPU
		{137004F2-5986-4593-BD5E-A8980A6B6A0B}.Release|x86.Build.0 = Release|Any CPU
		{3FFDC421-5BC7-4361-8625-2D807B59194B}.Debug|Any CPU.ActiveCfg = Debug|Any CPU
		{3FFDC421-5BC7-4361-8625-2D807B59194B}.Debug|Any CPU.Build.0 = Debug|Any CPU
		{3FFDC421-5BC7-4361-8625-2D807B59194B}.Debug|x64.ActiveCfg = Debug|Any CPU
		{3FFDC421-5BC7-4361-8625-2D807B59194B}.Debug|x64.Build.0 = Debug|Any CPU
		{3FFDC421-5BC7-4361-8625-2D807B59194B}.Debug|x86.ActiveCfg = Debug|Any CPU
		{3FFDC421-5BC7-4361-8625-2D807B59194B}.Debug|x86.Build.0 = Debug|Any CPU
		{3FFDC421-5BC7-4361-8625-2D807B59194B}.Release|Any CPU.ActiveCfg = Release|Any CPU
		{3FFDC421-5BC7-4361-8625-2D807B59194B}.Release|Any CPU.Build.0 = Release|Any CPU
		{3FFDC421-5BC7-4361-8625-2D807B59194B}.Release|x64.ActiveCfg = Release|Any CPU
		{3FFDC421-5BC7-4361-8625-2D807B59194B}.Release|x64.Build.0 = Release|Any CPU
		{3FFDC421-5BC7-4361-8625-2D807B59194B}.Release|x86.ActiveCfg = Release|Any CPU
		{3FFDC421-5BC7-4361-8625-2D807B59194B}.Release|x86.Build.0 = Release|Any CPU
		{62173F84-A580-4ABD-AFAA-584FD37868D3}.Debug|Any CPU.ActiveCfg = Debug|Any CPU
		{62173F84-A580-4ABD-AFAA-584FD37868D3}.Debug|Any CPU.Build.0 = Debug|Any CPU
		{62173F84-A580-4ABD-AFAA-584FD37868D3}.Debug|x64.ActiveCfg = Debug|Any CPU
		{62173F84-A580-4ABD-AFAA-584FD37868D3}.Debug|x64.Build.0 = Debug|Any CPU
		{62173F84-A580-4ABD-AFAA-584FD37868D3}.Debug|x86.ActiveCfg = Debug|Any CPU
		{62173F84-A580-4ABD-AFAA-584FD37868D3}.Debug|x86.Build.0 = Debug|Any CPU
		{62173F84-A580-4ABD-AFAA-584FD37868D3}.Release|Any CPU.ActiveCfg = Release|Any CPU
		{62173F84-A580-4ABD-AFAA-584FD37868D3}.Release|Any CPU.Build.0 = Release|Any CPU
		{62173F84-A580-4ABD-AFAA-584FD37868D3}.Release|x64.ActiveCfg = Release|Any CPU
		{62173F84-A580-4ABD-AFAA-584FD37868D3}.Release|x64.Build.0 = Release|Any CPU
		{62173F84-A580-4ABD-AFAA-584FD37868D3}.Release|x86.ActiveCfg = Release|Any CPU
		{62173F84-A580-4ABD-AFAA-584FD37868D3}.Release|x86.Build.0 = Release|Any CPU
		{E815B201-58FD-4A65-A74F-688844BE7427}.Debug|Any CPU.ActiveCfg = Debug|Any CPU
		{E815B201-58FD-4A65-A74F-688844BE7427}.Debug|Any CPU.Build.0 = Debug|Any CPU
		{E815B201-58FD-4A65-A74F-688844BE7427}.Debug|x64.ActiveCfg = Debug|Any CPU
		{E815B201-58FD-4A65-A74F-688844BE7427}.Debug|x64.Build.0 = Debug|Any CPU
		{E815B201-58FD-4A65-A74F-688844BE7427}.Debug|x86.ActiveCfg = Debug|Any CPU
		{E815B201-58FD-4A65-A74F-688844BE7427}.Debug|x86.Build.0 = Debug|Any CPU
		{E815B201-58FD-4A65-A74F-688844BE7427}.Release|Any CPU.ActiveCfg = Release|Any CPU
		{E815B201-58FD-4A65-A74F-688844BE7427}.Release|Any CPU.Build.0 = Release|Any CPU
		{E815B201-58FD-4A65-A74F-688844BE7427}.Release|x64.ActiveCfg = Release|Any CPU
		{E815B201-58FD-4A65-A74F-688844BE7427}.Release|x64.Build.0 = Release|Any CPU
		{E815B201-58FD-4A65-A74F-688844BE7427}.Release|x86.ActiveCfg = Release|Any CPU
		{E815B201-58FD-4A65-A74F-688844BE7427}.Release|x86.Build.0 = Release|Any CPU
		{87513D00-4622-4E12-9F00-D7D6EA4853EE}.Debug|Any CPU.ActiveCfg = Debug|Any CPU
		{87513D00-4622-4E12-9F00-D7D6EA4853EE}.Debug|Any CPU.Build.0 = Debug|Any CPU
		{87513D00-4622-4E12-9F00-D7D6EA4853EE}.Debug|x64.ActiveCfg = Debug|Any CPU
		{87513D00-4622-4E12-9F00-D7D6EA4853EE}.Debug|x64.Build.0 = Debug|Any CPU
		{87513D00-4622-4E12-9F00-D7D6EA4853EE}.Debug|x86.ActiveCfg = Debug|Any CPU
		{87513D00-4622-4E12-9F00-D7D6EA4853EE}.Debug|x86.Build.0 = Debug|Any CPU
		{87513D00-4622-4E12-9F00-D7D6EA4853EE}.Release|Any CPU.ActiveCfg = Release|Any CPU
		{87513D00-4622-4E12-9F00-D7D6EA4853EE}.Release|Any CPU.Build.0 = Release|Any CPU
		{87513D00-4622-4E12-9F00-D7D6EA4853EE}.Release|x64.ActiveCfg = Release|Any CPU
		{87513D00-4622-4E12-9F00-D7D6EA4853EE}.Release|x64.Build.0 = Release|Any CPU
		{87513D00-4622-4E12-9F00-D7D6EA4853EE}.Release|x86.ActiveCfg = Release|Any CPU
		{87513D00-4622-4E12-9F00-D7D6EA4853EE}.Release|x86.Build.0 = Release|Any CPU
		{310F9564-831E-4381-A8E3-B800E3C30627}.Debug|Any CPU.ActiveCfg = Debug|Any CPU
		{310F9564-831E-4381-A8E3-B800E3C30627}.Debug|Any CPU.Build.0 = Debug|Any CPU
		{310F9564-831E-4381-A8E3-B800E3C30627}.Debug|x64.ActiveCfg = Debug|Any CPU
		{310F9564-831E-4381-A8E3-B800E3C30627}.Debug|x64.Build.0 = Debug|Any CPU
		{310F9564-831E-4381-A8E3-B800E3C30627}.Debug|x86.ActiveCfg = Debug|Any CPU
		{310F9564-831E-4381-A8E3-B800E3C30627}.Debug|x86.Build.0 = Debug|Any CPU
		{310F9564-831E-4381-A8E3-B800E3C30627}.Release|Any CPU.ActiveCfg = Release|Any CPU
		{310F9564-831E-4381-A8E3-B800E3C30627}.Release|Any CPU.Build.0 = Release|Any CPU
		{310F9564-831E-4381-A8E3-B800E3C30627}.Release|x64.ActiveCfg = Release|Any CPU
		{310F9564-831E-4381-A8E3-B800E3C30627}.Release|x64.Build.0 = Release|Any CPU
		{310F9564-831E-4381-A8E3-B800E3C30627}.Release|x86.ActiveCfg = Release|Any CPU
		{310F9564-831E-4381-A8E3-B800E3C30627}.Release|x86.Build.0 = Release|Any CPU
		{E99BABF3-EEAD-4118-8D77-C0B796F92924}.Debug|Any CPU.ActiveCfg = Debug|Any CPU
		{E99BABF3-EEAD-4118-8D77-C0B796F92924}.Debug|Any CPU.Build.0 = Debug|Any CPU
		{E99BABF3-EEAD-4118-8D77-C0B796F92924}.Debug|x64.ActiveCfg = Debug|Any CPU
		{E99BABF3-EEAD-4118-8D77-C0B796F92924}.Debug|x64.Build.0 = Debug|Any CPU
		{E99BABF3-EEAD-4118-8D77-C0B796F92924}.Debug|x86.ActiveCfg = Debug|Any CPU
		{E99BABF3-EEAD-4118-8D77-C0B796F92924}.Debug|x86.Build.0 = Debug|Any CPU
		{E99BABF3-EEAD-4118-8D77-C0B796F92924}.Release|Any CPU.ActiveCfg = Release|Any CPU
		{E99BABF3-EEAD-4118-8D77-C0B796F92924}.Release|Any CPU.Build.0 = Release|Any CPU
		{E99BABF3-EEAD-4118-8D77-C0B796F92924}.Release|x64.ActiveCfg = Release|Any CPU
		{E99BABF3-EEAD-4118-8D77-C0B796F92924}.Release|x64.Build.0 = Release|Any CPU
		{E99BABF3-EEAD-4118-8D77-C0B796F92924}.Release|x86.ActiveCfg = Release|Any CPU
		{E99BABF3-EEAD-4118-8D77-C0B796F92924}.Release|x86.Build.0 = Release|Any CPU
		{396D7390-9509-4804-B791-AA31284AE147}.Debug|Any CPU.ActiveCfg = Debug|Any CPU
		{396D7390-9509-4804-B791-AA31284AE147}.Debug|Any CPU.Build.0 = Debug|Any CPU
		{396D7390-9509-4804-B791-AA31284AE147}.Debug|x64.ActiveCfg = Debug|Any CPU
		{396D7390-9509-4804-B791-AA31284AE147}.Debug|x64.Build.0 = Debug|Any CPU
		{396D7390-9509-4804-B791-AA31284AE147}.Debug|x86.ActiveCfg = Debug|Any CPU
		{396D7390-9509-4804-B791-AA31284AE147}.Debug|x86.Build.0 = Debug|Any CPU
		{396D7390-9509-4804-B791-AA31284AE147}.Release|Any CPU.ActiveCfg = Release|Any CPU
		{396D7390-9509-4804-B791-AA31284AE147}.Release|Any CPU.Build.0 = Release|Any CPU
		{396D7390-9509-4804-B791-AA31284AE147}.Release|x64.ActiveCfg = Release|Any CPU
		{396D7390-9509-4804-B791-AA31284AE147}.Release|x64.Build.0 = Release|Any CPU
		{396D7390-9509-4804-B791-AA31284AE147}.Release|x86.ActiveCfg = Release|Any CPU
		{396D7390-9509-4804-B791-AA31284AE147}.Release|x86.Build.0 = Release|Any CPU
	EndGlobalSection
	GlobalSection(SolutionProperties) = preSolution
		HideSolutionNode = FALSE
	EndGlobalSection
	GlobalSection(NestedProjects) = preSolution
		{9FB96A16-5712-4425-87A8-3C08DAFB77ED} = {48F15A61-E458-4F4B-A64E-6F0B5F38DB2F}
		{137004F2-5986-4593-BD5E-A8980A6B6A0B} = {48F15A61-E458-4F4B-A64E-6F0B5F38DB2F}
		{3FFDC421-5BC7-4361-8625-2D807B59194B} = {6A79DAD3-9AEF-47C3-9BF4-BF27365F3BF0}
		{62173F84-A580-4ABD-AFAA-584FD37868D3} = {48F15A61-E458-4F4B-A64E-6F0B5F38DB2F}
		{E815B201-58FD-4A65-A74F-688844BE7427} = {6A79DAD3-9AEF-47C3-9BF4-BF27365F3BF0}
		{87513D00-4622-4E12-9F00-D7D6EA4853EE} = {48F15A61-E458-4F4B-A64E-6F0B5F38DB2F}
		{310F9564-831E-4381-A8E3-B800E3C30627} = {6A79DAD3-9AEF-47C3-9BF4-BF27365F3BF0}
		{E99BABF3-EEAD-4118-8D77-C0B796F92924} = {6A79DAD3-9AEF-47C3-9BF4-BF27365F3BF0}
		{396D7390-9509-4804-B791-AA31284AE147} = {48F15A61-E458-4F4B-A64E-6F0B5F38DB2F}
	EndGlobalSection
	GlobalSection(ExtensibilityGlobals) = postSolution
		SolutionGuid = {27582E6D-A662-4DF3-834C-74D0A94025A1}
	EndGlobalSection
EndGlobal
