
Microsoft Visual Studio Solution File, Format Version 12.00
# Visual Studio Version 17
VisualStudioVersion = 17.12.35309.182
MinimumVisualStudioVersion = 10.0.40219.1
Project("{FAE04EC0-301F-11D3-BF4B-00C04F79EFBC}") = "Server", "Server.csproj", "{C0F16995-B9DB-42CF-AA3F-0EAA6D482444}"
EndProject
Project("{FAE04EC0-301F-11D3-BF4B-00C04F79EFBC}") = "Client", "..\Client\Client.csproj", "{9263898F-D2C2-4B3D-94E6-42E13063BD32}"
EndProject
Project("{FAE04EC0-301F-11D3-BF4B-00C04F79EFBC}") = "FileSyncServer.Tests", "..\FileSyncServer.Tests\FileSyncServer.Tests.csproj", "{816B80BB-A319-45FE-A499-F9011DD5CC29}"
EndProject
Global
	GlobalSection(SolutionConfigurationPlatforms) = preSolution
		Debug|Any CPU = Debug|Any CPU
		Release|Any CPU = Release|Any CPU
	EndGlobalSection
	GlobalSection(ProjectConfigurationPlatforms) = postSolution
		{C0F16995-B9DB-42CF-AA3F-0EAA6D482444}.Debug|Any CPU.ActiveCfg = Debug|Any CPU
		{C0F16995-B9DB-42CF-AA3F-0EAA6D482444}.Debug|Any CPU.Build.0 = Debug|Any CPU
		{C0F16995-B9DB-42CF-AA3F-0EAA6D482444}.Release|Any CPU.ActiveCfg = Release|Any CPU
		{C0F16995-B9DB-42CF-AA3F-0EAA6D482444}.Release|Any CPU.Build.0 = Release|Any CPU
		{9263898F-D2C2-4B3D-94E6-42E13063BD32}.Debug|Any CPU.ActiveCfg = Debug|Any CPU
		{9263898F-D2C2-4B3D-94E6-42E13063BD32}.Debug|Any CPU.Build.0 = Debug|Any CPU
		{9263898F-D2C2-4B3D-94E6-42E13063BD32}.Release|Any CPU.ActiveCfg = Release|Any CPU
		{9263898F-D2C2-4B3D-94E6-42E13063BD32}.Release|Any CPU.Build.0 = Release|Any CPU
		{816B80BB-A319-45FE-A499-F9011DD5CC29}.Debug|Any CPU.ActiveCfg = Debug|Any CPU
		{816B80BB-A319-45FE-A499-F9011DD5CC29}.Debug|Any CPU.Build.0 = Debug|Any CPU
		{816B80BB-A319-45FE-A499-F9011DD5CC29}.Release|Any CPU.ActiveCfg = Release|Any CPU
		{816B80BB-A319-45FE-A499-F9011DD5CC29}.Release|Any CPU.Build.0 = Release|Any CPU
	EndGlobalSection
	GlobalSection(SolutionProperties) = preSolution
		HideSolutionNode = FALSE
	EndGlobalSection
	GlobalSection(ExtensibilityGlobals) = postSolution
		SolutionGuid = {B667E6E7-7393-47FA-B6CF-2B29C9DC0896}
	EndGlobalSection
EndGlobal
